// !$*UTF8*$!
{
	archiveVersion = 1;
	classes = {
	};
	objectVersion = 56;
	objects = {

/* Begin PBXBuildFile section */
		1815FE372CA31AB6009000F9 /* bEtreApp.swift in Sources */ = {isa = PBXBuildFile; fileRef = 1815FE362CA31AB6009000F9 /* bEtreApp.swift */; };
		1815FE392CA31AB6009000F9 /* ContentView.swift in Sources */ = {isa = PBXBuildFile; fileRef = 1815FE382CA31AB6009000F9 /* ContentView.swift */; };
		1815FE3B2CA31AB9009000F9 /* Assets.xcassets in Resources */ = {isa = PBXBuildFile; fileRef = 1815FE3A2CA31AB9009000F9 /* Assets.xcassets */; };
		1815FE3E2CA31AB9009000F9 /* Preview Assets.xcassets in Resources */ = {isa = PBXBuildFile; fileRef = 1815FE3D2CA31AB9009000F9 /* Preview Assets.xcassets */; };
		1815FE462CA31AFB009000F9 /* SignUpView.swift in Sources */ = {isa = PBXBuildFile; fileRef = 1815FE452CA31AFB009000F9 /* SignUpView.swift */; };
		1815FE4C2CA31F1E009000F9 /* FirebaseAuth in Frameworks */ = {isa = PBXBuildFile; productRef = 1815FE4B2CA31F1E009000F9 /* FirebaseAuth */; };
		1815FE4E2CA32ECB009000F9 /* Utils.swift in Sources */ = {isa = PBXBuildFile; fileRef = 1815FE4D2CA32ECB009000F9 /* Utils.swift */; };
		1815FE502CA32F08009000F9 /* SessionManager.swift in Sources */ = {isa = PBXBuildFile; fileRef = 1815FE4F2CA32F08009000F9 /* SessionManager.swift */; };
		1815FE522CA32F37009000F9 /* LoginView.swift in Sources */ = {isa = PBXBuildFile; fileRef = 1815FE512CA32F37009000F9 /* LoginView.swift */; };
		1815FE542CA7575B009000F9 /* ForgotPasswordView.swift in Sources */ = {isa = PBXBuildFile; fileRef = 1815FE532CA7575B009000F9 /* ForgotPasswordView.swift */; };
		1815FE562CA75C71009000F9 /* UserViewModel.swift in Sources */ = {isa = PBXBuildFile; fileRef = 1815FE552CA75C71009000F9 /* UserViewModel.swift */; };
		1815FE582CA76BF8009000F9 /* FirebaseFirestore in Frameworks */ = {isa = PBXBuildFile; productRef = 1815FE572CA76BF8009000F9 /* FirebaseFirestore */; };
		1815FE5A2CA79213009000F9 /* ExlporeView.swift in Sources */ = {isa = PBXBuildFile; fileRef = 1815FE592CA79213009000F9 /* ExlporeView.swift */; };
		1815FE5C2CA7929F009000F9 /* SearchView.swift in Sources */ = {isa = PBXBuildFile; fileRef = 1815FE5B2CA7929F009000F9 /* SearchView.swift */; };
		1815FE5E2CA792BF009000F9 /* CreateView.swift in Sources */ = {isa = PBXBuildFile; fileRef = 1815FE5D2CA792BF009000F9 /* CreateView.swift */; };
		1815FE602CA792D9009000F9 /* InboxView.swift in Sources */ = {isa = PBXBuildFile; fileRef = 1815FE5F2CA792D9009000F9 /* InboxView.swift */; };
		1815FE622CA792EA009000F9 /* ProfileView.swift in Sources */ = {isa = PBXBuildFile; fileRef = 1815FE612CA792EA009000F9 /* ProfileView.swift */; };
		1815FE642CAF6E9D009000F9 /* SplashScreenView.swift in Sources */ = {isa = PBXBuildFile; fileRef = 1815FE632CAF6E9D009000F9 /* SplashScreenView.swift */; };
		1815FE662CAF7A03009000F9 /* EditProfileView.swift in Sources */ = {isa = PBXBuildFile; fileRef = 1815FE652CAF7A03009000F9 /* EditProfileView.swift */; };
		189EA73C2CB8580500820D64 /* UserProfileView.swift in Sources */ = {isa = PBXBuildFile; fileRef = 189EA73B2CB8580500820D64 /* UserProfileView.swift */; };
		552651542CB4D64000E6B56A /* maison.swift in Sources */ = {isa = PBXBuildFile; fileRef = 552651532CB4D64000E6B56A /* maison.swift */; };
		552651562CB4D80500E6B56A /* Admin.swift in Sources */ = {isa = PBXBuildFile; fileRef = 552651552CB4D80500E6B56A /* Admin.swift */; };
		552651582CB4DC7600E6B56A /* Dashboard.swift in Sources */ = {isa = PBXBuildFile; fileRef = 552651572CB4DC7600E6B56A /* Dashboard.swift */; };
		5526515A2CB4DC8900E6B56A /* ActivityAdmin.swift in Sources */ = {isa = PBXBuildFile; fileRef = 552651592CB4DC8900E6B56A /* ActivityAdmin.swift */; };
		5526515C2CB4DC9A00E6B56A /* InboxAdmin.swift in Sources */ = {isa = PBXBuildFile; fileRef = 5526515B2CB4DC9A00E6B56A /* InboxAdmin.swift */; };
		5526515E2CB4DCBF00E6B56A /* ProfileAdmin.swift in Sources */ = {isa = PBXBuildFile; fileRef = 5526515D2CB4DCBF00E6B56A /* ProfileAdmin.swift */; };
		558FEF012CCF20F2003C5B17 /* GoogleService-Info.plist in Resources */ = {isa = PBXBuildFile; fileRef = 558FEF002CCF20F2003C5B17 /* GoogleService-Info.plist */; };
		55C923EE2CD0894500EA97D3 /* EditPostView.swift in Sources */ = {isa = PBXBuildFile; fileRef = 55C923ED2CD0894500EA97D3 /* EditPostView.swift */; };
		5981C0872CB485B800FD00B1 /* SettingsView.swift in Sources */ = {isa = PBXBuildFile; fileRef = 5981C0862CB485B800FD00B1 /* SettingsView.swift */; };
		59E0CB132CB0AC0E00B64AA3 /* FirebaseAnalytics in Frameworks */ = {isa = PBXBuildFile; productRef = 59E0CB122CB0AC0E00B64AA3 /* FirebaseAnalytics */; };
		59E0CB152CB0AC0E00B64AA3 /* FirebaseAnalyticsOnDeviceConversion in Frameworks */ = {isa = PBXBuildFile; productRef = 59E0CB142CB0AC0E00B64AA3 /* FirebaseAnalyticsOnDeviceConversion */; };
		59E0CB172CB0AC0E00B64AA3 /* FirebaseAnalyticsWithoutAdIdSupport in Frameworks */ = {isa = PBXBuildFile; productRef = 59E0CB162CB0AC0E00B64AA3 /* FirebaseAnalyticsWithoutAdIdSupport */; };
		59E0CB192CB0AC0E00B64AA3 /* FirebaseAppCheck in Frameworks */ = {isa = PBXBuildFile; productRef = 59E0CB182CB0AC0E00B64AA3 /* FirebaseAppCheck */; };
		59E0CB1B2CB0AC0E00B64AA3 /* FirebaseAppDistribution-Beta in Frameworks */ = {isa = PBXBuildFile; productRef = 59E0CB1A2CB0AC0E00B64AA3 /* FirebaseAppDistribution-Beta */; };
		59E0CB1D2CB0AC0E00B64AA3 /* FirebaseAuthCombine-Community in Frameworks */ = {isa = PBXBuildFile; productRef = 59E0CB1C2CB0AC0E00B64AA3 /* FirebaseAuthCombine-Community */; };
		59E0CB1F2CB0AC0E00B64AA3 /* FirebaseCrashlytics in Frameworks */ = {isa = PBXBuildFile; productRef = 59E0CB1E2CB0AC0E00B64AA3 /* FirebaseCrashlytics */; };
		59E0CB212CB0AC0E00B64AA3 /* FirebaseDatabase in Frameworks */ = {isa = PBXBuildFile; productRef = 59E0CB202CB0AC0E00B64AA3 /* FirebaseDatabase */; };
		59E0CB232CB0AC0E00B64AA3 /* FirebaseDynamicLinks in Frameworks */ = {isa = PBXBuildFile; productRef = 59E0CB222CB0AC0E00B64AA3 /* FirebaseDynamicLinks */; };
		59E0CB252CB0AC0E00B64AA3 /* FirebaseFirestoreCombine-Community in Frameworks */ = {isa = PBXBuildFile; productRef = 59E0CB242CB0AC0E00B64AA3 /* FirebaseFirestoreCombine-Community */; };
		59E0CB272CB0AC0E00B64AA3 /* FirebaseFunctions in Frameworks */ = {isa = PBXBuildFile; productRef = 59E0CB262CB0AC0E00B64AA3 /* FirebaseFunctions */; };
		59E0CB292CB0AC0E00B64AA3 /* FirebaseFunctionsCombine-Community in Frameworks */ = {isa = PBXBuildFile; productRef = 59E0CB282CB0AC0E00B64AA3 /* FirebaseFunctionsCombine-Community */; };
		59E0CB2B2CB0AC0E00B64AA3 /* FirebaseInAppMessaging-Beta in Frameworks */ = {isa = PBXBuildFile; productRef = 59E0CB2A2CB0AC0E00B64AA3 /* FirebaseInAppMessaging-Beta */; };
		59E0CB2D2CB0AC0E00B64AA3 /* FirebaseInstallations in Frameworks */ = {isa = PBXBuildFile; productRef = 59E0CB2C2CB0AC0E00B64AA3 /* FirebaseInstallations */; };
		59E0CB2F2CB0AC0E00B64AA3 /* FirebaseMLModelDownloader in Frameworks */ = {isa = PBXBuildFile; productRef = 59E0CB2E2CB0AC0E00B64AA3 /* FirebaseMLModelDownloader */; };
		59E0CB312CB0AC0E00B64AA3 /* FirebaseMessaging in Frameworks */ = {isa = PBXBuildFile; productRef = 59E0CB302CB0AC0E00B64AA3 /* FirebaseMessaging */; };
		59E0CB332CB0AC0E00B64AA3 /* FirebasePerformance in Frameworks */ = {isa = PBXBuildFile; productRef = 59E0CB322CB0AC0E00B64AA3 /* FirebasePerformance */; };
		59E0CB352CB0AC0E00B64AA3 /* FirebaseRemoteConfig in Frameworks */ = {isa = PBXBuildFile; productRef = 59E0CB342CB0AC0E00B64AA3 /* FirebaseRemoteConfig */; };
		59E0CB372CB0AC0E00B64AA3 /* FirebaseStorage in Frameworks */ = {isa = PBXBuildFile; productRef = 59E0CB362CB0AC0E00B64AA3 /* FirebaseStorage */; };
		59E0CB392CB0AC0E00B64AA3 /* FirebaseStorageCombine-Community in Frameworks */ = {isa = PBXBuildFile; productRef = 59E0CB382CB0AC0E00B64AA3 /* FirebaseStorageCombine-Community */; };
		59E0CB3B2CB0AC0E00B64AA3 /* FirebaseVertexAI-Preview in Frameworks */ = {isa = PBXBuildFile; productRef = 59E0CB3A2CB0AC0E00B64AA3 /* FirebaseVertexAI-Preview */; };
		59E0CB3E2CB0B15900B64AA3 /* SDWebImageSwiftUI in Frameworks */ = {isa = PBXBuildFile; productRef = 59E0CB3D2CB0B15900B64AA3 /* SDWebImageSwiftUI */; };
		59E0CB402CB45D9000B64AA3 /* ProfileImagePicker.swift in Sources */ = {isa = PBXBuildFile; fileRef = 59E0CB3F2CB45D9000B64AA3 /* ProfileImagePicker.swift */; };
/* End PBXBuildFile section */

/* Begin PBXFileReference section */
		1815FE332CA31AB6009000F9 /* bEtre.app */ = {isa = PBXFileReference; explicitFileType = wrapper.application; includeInIndex = 0; path = bEtre.app; sourceTree = BUILT_PRODUCTS_DIR; };
		1815FE362CA31AB6009000F9 /* bEtreApp.swift */ = {isa = PBXFileReference; lastKnownFileType = sourcecode.swift; path = bEtreApp.swift; sourceTree = "<group>"; };
		1815FE382CA31AB6009000F9 /* ContentView.swift */ = {isa = PBXFileReference; lastKnownFileType = sourcecode.swift; path = ContentView.swift; sourceTree = "<group>"; };
		1815FE3A2CA31AB9009000F9 /* Assets.xcassets */ = {isa = PBXFileReference; lastKnownFileType = folder.assetcatalog; path = Assets.xcassets; sourceTree = "<group>"; };
		1815FE3D2CA31AB9009000F9 /* Preview Assets.xcassets */ = {isa = PBXFileReference; lastKnownFileType = folder.assetcatalog; path = "Preview Assets.xcassets"; sourceTree = "<group>"; };
		1815FE452CA31AFB009000F9 /* SignUpView.swift */ = {isa = PBXFileReference; lastKnownFileType = sourcecode.swift; path = SignUpView.swift; sourceTree = "<group>"; };
		1815FE4D2CA32ECB009000F9 /* Utils.swift */ = {isa = PBXFileReference; lastKnownFileType = sourcecode.swift; path = Utils.swift; sourceTree = "<group>"; };
		1815FE4F2CA32F08009000F9 /* SessionManager.swift */ = {isa = PBXFileReference; lastKnownFileType = sourcecode.swift; path = SessionManager.swift; sourceTree = "<group>"; };
		1815FE512CA32F37009000F9 /* LoginView.swift */ = {isa = PBXFileReference; lastKnownFileType = sourcecode.swift; path = LoginView.swift; sourceTree = "<group>"; };
		1815FE532CA7575B009000F9 /* ForgotPasswordView.swift */ = {isa = PBXFileReference; lastKnownFileType = sourcecode.swift; path = ForgotPasswordView.swift; sourceTree = "<group>"; };
		1815FE552CA75C71009000F9 /* UserViewModel.swift */ = {isa = PBXFileReference; lastKnownFileType = sourcecode.swift; path = UserViewModel.swift; sourceTree = "<group>"; };
		1815FE592CA79213009000F9 /* ExlporeView.swift */ = {isa = PBXFileReference; lastKnownFileType = sourcecode.swift; path = ExlporeView.swift; sourceTree = "<group>"; };
		1815FE5B2CA7929F009000F9 /* SearchView.swift */ = {isa = PBXFileReference; lastKnownFileType = sourcecode.swift; path = SearchView.swift; sourceTree = "<group>"; };
		1815FE5D2CA792BF009000F9 /* CreateView.swift */ = {isa = PBXFileReference; lastKnownFileType = sourcecode.swift; path = CreateView.swift; sourceTree = "<group>"; };
		1815FE5F2CA792D9009000F9 /* InboxView.swift */ = {isa = PBXFileReference; lastKnownFileType = sourcecode.swift; path = InboxView.swift; sourceTree = "<group>"; };
		1815FE612CA792EA009000F9 /* ProfileView.swift */ = {isa = PBXFileReference; lastKnownFileType = sourcecode.swift; path = ProfileView.swift; sourceTree = "<group>"; };
		1815FE632CAF6E9D009000F9 /* SplashScreenView.swift */ = {isa = PBXFileReference; lastKnownFileType = sourcecode.swift; path = SplashScreenView.swift; sourceTree = "<group>"; };
		1815FE652CAF7A03009000F9 /* EditProfileView.swift */ = {isa = PBXFileReference; lastKnownFileType = sourcecode.swift; path = EditProfileView.swift; sourceTree = "<group>"; };
		189EA73B2CB8580500820D64 /* UserProfileView.swift */ = {isa = PBXFileReference; lastKnownFileType = sourcecode.swift; path = UserProfileView.swift; sourceTree = "<group>"; };
		5526514F2CB4B8ED00E6B56A /* roboto_serif_italic.ttf */ = {isa = PBXFileReference; lastKnownFileType = file; name = roboto_serif_italic.ttf; path = ../../roboto_serif_italic.ttf; sourceTree = "<group>"; };
		552651502CB4B8ED00E6B56A /* amarante.ttf */ = {isa = PBXFileReference; lastKnownFileType = file; name = amarante.ttf; path = ../../amarante.ttf; sourceTree = "<group>"; };
		552651512CB4B8ED00E6B56A /* roboto_serif_regular.ttf */ = {isa = PBXFileReference; lastKnownFileType = file; name = roboto_serif_regular.ttf; path = ../../roboto_serif_regular.ttf; sourceTree = "<group>"; };
		552651522CB4B97200E6B56A /* Info.plist */ = {isa = PBXFileReference; lastKnownFileType = text.plist; path = Info.plist; sourceTree = "<group>"; };
		552651532CB4D64000E6B56A /* maison.swift */ = {isa = PBXFileReference; lastKnownFileType = sourcecode.swift; path = maison.swift; sourceTree = "<group>"; };
		552651552CB4D80500E6B56A /* Admin.swift */ = {isa = PBXFileReference; lastKnownFileType = sourcecode.swift; path = Admin.swift; sourceTree = "<group>"; };
		552651572CB4DC7600E6B56A /* Dashboard.swift */ = {isa = PBXFileReference; lastKnownFileType = sourcecode.swift; path = Dashboard.swift; sourceTree = "<group>"; };
		552651592CB4DC8900E6B56A /* ActivityAdmin.swift */ = {isa = PBXFileReference; lastKnownFileType = sourcecode.swift; path = ActivityAdmin.swift; sourceTree = "<group>"; };
		5526515B2CB4DC9A00E6B56A /* InboxAdmin.swift */ = {isa = PBXFileReference; lastKnownFileType = sourcecode.swift; path = InboxAdmin.swift; sourceTree = "<group>"; };
		5526515D2CB4DCBF00E6B56A /* ProfileAdmin.swift */ = {isa = PBXFileReference; lastKnownFileType = sourcecode.swift; path = ProfileAdmin.swift; sourceTree = "<group>"; };
		558FEF002CCF20F2003C5B17 /* GoogleService-Info.plist */ = {isa = PBXFileReference; lastKnownFileType = text.plist.xml; path = "GoogleService-Info.plist"; sourceTree = "<group>"; };
		55C923ED2CD0894500EA97D3 /* EditPostView.swift */ = {isa = PBXFileReference; lastKnownFileType = sourcecode.swift; path = EditPostView.swift; sourceTree = "<group>"; };
		5981C0862CB485B800FD00B1 /* SettingsView.swift */ = {isa = PBXFileReference; lastKnownFileType = sourcecode.swift; path = SettingsView.swift; sourceTree = "<group>"; };
		59E0CB3F2CB45D9000B64AA3 /* ProfileImagePicker.swift */ = {isa = PBXFileReference; lastKnownFileType = sourcecode.swift; path = ProfileImagePicker.swift; sourceTree = "<group>"; };
/* End PBXFileReference section */

/* Begin PBXFrameworksBuildPhase section */
		1815FE302CA31AB6009000F9 /* Frameworks */ = {
			isa = PBXFrameworksBuildPhase;
			buildActionMask = 2147483647;
			files = (
				59E0CB392CB0AC0E00B64AA3 /* FirebaseStorageCombine-Community in Frameworks */,
				59E0CB312CB0AC0E00B64AA3 /* FirebaseMessaging in Frameworks */,
				59E0CB2F2CB0AC0E00B64AA3 /* FirebaseMLModelDownloader in Frameworks */,
				59E0CB212CB0AC0E00B64AA3 /* FirebaseDatabase in Frameworks */,
				59E0CB232CB0AC0E00B64AA3 /* FirebaseDynamicLinks in Frameworks */,
				59E0CB1B2CB0AC0E00B64AA3 /* FirebaseAppDistribution-Beta in Frameworks */,
				1815FE4C2CA31F1E009000F9 /* FirebaseAuth in Frameworks */,
				59E0CB172CB0AC0E00B64AA3 /* FirebaseAnalyticsWithoutAdIdSupport in Frameworks */,
				1815FE582CA76BF8009000F9 /* FirebaseFirestore in Frameworks */,
				59E0CB132CB0AC0E00B64AA3 /* FirebaseAnalytics in Frameworks */,
				59E0CB292CB0AC0E00B64AA3 /* FirebaseFunctionsCombine-Community in Frameworks */,
				59E0CB192CB0AC0E00B64AA3 /* FirebaseAppCheck in Frameworks */,
				59E0CB3E2CB0B15900B64AA3 /* SDWebImageSwiftUI in Frameworks */,
				59E0CB372CB0AC0E00B64AA3 /* FirebaseStorage in Frameworks */,
				59E0CB1F2CB0AC0E00B64AA3 /* FirebaseCrashlytics in Frameworks */,
				59E0CB272CB0AC0E00B64AA3 /* FirebaseFunctions in Frameworks */,
				59E0CB2D2CB0AC0E00B64AA3 /* FirebaseInstallations in Frameworks */,
				59E0CB332CB0AC0E00B64AA3 /* FirebasePerformance in Frameworks */,
				59E0CB252CB0AC0E00B64AA3 /* FirebaseFirestoreCombine-Community in Frameworks */,
				59E0CB152CB0AC0E00B64AA3 /* FirebaseAnalyticsOnDeviceConversion in Frameworks */,
				59E0CB1D2CB0AC0E00B64AA3 /* FirebaseAuthCombine-Community in Frameworks */,
				59E0CB2B2CB0AC0E00B64AA3 /* FirebaseInAppMessaging-Beta in Frameworks */,
				59E0CB3B2CB0AC0E00B64AA3 /* FirebaseVertexAI-Preview in Frameworks */,
				59E0CB352CB0AC0E00B64AA3 /* FirebaseRemoteConfig in Frameworks */,
			);
			runOnlyForDeploymentPostprocessing = 0;
		};
/* End PBXFrameworksBuildPhase section */

/* Begin PBXGroup section */
		1815FE2A2CA31AB6009000F9 = {
			isa = PBXGroup;
			children = (
				1815FE352CA31AB6009000F9 /* bEtre */,
				1815FE342CA31AB6009000F9 /* Products */,
				1815FE4A2CA31F1E009000F9 /* Frameworks */,
			);
			sourceTree = "<group>";
		};
		1815FE342CA31AB6009000F9 /* Products */ = {
			isa = PBXGroup;
			children = (
				1815FE332CA31AB6009000F9 /* bEtre.app */,
			);
			name = Products;
			sourceTree = "<group>";
		};
		1815FE352CA31AB6009000F9 /* bEtre */ = {
			isa = PBXGroup;
			children = (
				55C923ED2CD0894500EA97D3 /* EditPostView.swift */,
				5526515F2CB4DCEC00E6B56A /* Admin */,
				552651522CB4B97200E6B56A /* Info.plist */,
				552651502CB4B8ED00E6B56A /* amarante.ttf */,
				5526514F2CB4B8ED00E6B56A /* roboto_serif_italic.ttf */,
				552651512CB4B8ED00E6B56A /* roboto_serif_regular.ttf */,
				5981C0862CB485B800FD00B1 /* SettingsView.swift */,
				189EA73B2CB8580500820D64 /* UserProfileView.swift */,
				1815FE612CA792EA009000F9 /* ProfileView.swift */,
				1815FE5F2CA792D9009000F9 /* InboxView.swift */,
				1815FE5D2CA792BF009000F9 /* CreateView.swift */,
				1815FE5B2CA7929F009000F9 /* SearchView.swift */,
				1815FE592CA79213009000F9 /* ExlporeView.swift */,
				552651532CB4D64000E6B56A /* maison.swift */,
				1815FE362CA31AB6009000F9 /* bEtreApp.swift */,
				1815FE382CA31AB6009000F9 /* ContentView.swift */,
				1815FE442CA31ADA009000F9 /* Authentication */,
				1815FE3A2CA31AB9009000F9 /* Assets.xcassets */,
				1815FE3C2CA31AB9009000F9 /* Preview Content */,
			);
			path = bEtre;
			sourceTree = "<group>";
		};
		1815FE3C2CA31AB9009000F9 /* Preview Content */ = {
			isa = PBXGroup;
			children = (
				1815FE3D2CA31AB9009000F9 /* Preview Assets.xcassets */,
			);
			path = "Preview Content";
			sourceTree = "<group>";
		};
		1815FE442CA31ADA009000F9 /* Authentication */ = {
			isa = PBXGroup;
			children = (
				1815FE452CA31AFB009000F9 /* SignUpView.swift */,
				1815FE4D2CA32ECB009000F9 /* Utils.swift */,
				1815FE4F2CA32F08009000F9 /* SessionManager.swift */,
				1815FE512CA32F37009000F9 /* LoginView.swift */,
				1815FE532CA7575B009000F9 /* ForgotPasswordView.swift */,
				1815FE552CA75C71009000F9 /* UserViewModel.swift */,
				1815FE632CAF6E9D009000F9 /* SplashScreenView.swift */,
				1815FE652CAF7A03009000F9 /* EditProfileView.swift */,
				59E0CB3F2CB45D9000B64AA3 /* ProfileImagePicker.swift */,
				558FEF002CCF20F2003C5B17 /* GoogleService-Info.plist */,
			);
			path = Authentication;
			sourceTree = "<group>";
		};
		1815FE4A2CA31F1E009000F9 /* Frameworks */ = {
			isa = PBXGroup;
			children = (
			);
			name = Frameworks;
			sourceTree = "<group>";
		};
		5526515F2CB4DCEC00E6B56A /* Admin */ = {
			isa = PBXGroup;
			children = (
				5526515D2CB4DCBF00E6B56A /* ProfileAdmin.swift */,
				552651572CB4DC7600E6B56A /* Dashboard.swift */,
				552651592CB4DC8900E6B56A /* ActivityAdmin.swift */,
				5526515B2CB4DC9A00E6B56A /* InboxAdmin.swift */,
				552651552CB4D80500E6B56A /* Admin.swift */,
			);
			path = Admin;
			sourceTree = "<group>";
		};
/* End PBXGroup section */

/* Begin PBXNativeTarget section */
		1815FE322CA31AB6009000F9 /* bEtre */ = {
			isa = PBXNativeTarget;
			buildConfigurationList = 1815FE412CA31AB9009000F9 /* Build configuration list for PBXNativeTarget "bEtre" */;
			buildPhases = (
				1815FE2F2CA31AB6009000F9 /* Sources */,
				1815FE302CA31AB6009000F9 /* Frameworks */,
				1815FE312CA31AB6009000F9 /* Resources */,
			);
			buildRules = (
			);
			dependencies = (
			);
			name = bEtre;
			packageProductDependencies = (
				1815FE4B2CA31F1E009000F9 /* FirebaseAuth */,
				1815FE572CA76BF8009000F9 /* FirebaseFirestore */,
				59E0CB122CB0AC0E00B64AA3 /* FirebaseAnalytics */,
				59E0CB142CB0AC0E00B64AA3 /* FirebaseAnalyticsOnDeviceConversion */,
				59E0CB162CB0AC0E00B64AA3 /* FirebaseAnalyticsWithoutAdIdSupport */,
				59E0CB182CB0AC0E00B64AA3 /* FirebaseAppCheck */,
				59E0CB1A2CB0AC0E00B64AA3 /* FirebaseAppDistribution-Beta */,
				59E0CB1C2CB0AC0E00B64AA3 /* FirebaseAuthCombine-Community */,
				59E0CB1E2CB0AC0E00B64AA3 /* FirebaseCrashlytics */,
				59E0CB202CB0AC0E00B64AA3 /* FirebaseDatabase */,
				59E0CB222CB0AC0E00B64AA3 /* FirebaseDynamicLinks */,
				59E0CB242CB0AC0E00B64AA3 /* FirebaseFirestoreCombine-Community */,
				59E0CB262CB0AC0E00B64AA3 /* FirebaseFunctions */,
				59E0CB282CB0AC0E00B64AA3 /* FirebaseFunctionsCombine-Community */,
				59E0CB2A2CB0AC0E00B64AA3 /* FirebaseInAppMessaging-Beta */,
				59E0CB2C2CB0AC0E00B64AA3 /* FirebaseInstallations */,
				59E0CB2E2CB0AC0E00B64AA3 /* FirebaseMLModelDownloader */,
				59E0CB302CB0AC0E00B64AA3 /* FirebaseMessaging */,
				59E0CB322CB0AC0E00B64AA3 /* FirebasePerformance */,
				59E0CB342CB0AC0E00B64AA3 /* FirebaseRemoteConfig */,
				59E0CB362CB0AC0E00B64AA3 /* FirebaseStorage */,
				59E0CB382CB0AC0E00B64AA3 /* FirebaseStorageCombine-Community */,
				59E0CB3A2CB0AC0E00B64AA3 /* FirebaseVertexAI-Preview */,
				59E0CB3D2CB0B15900B64AA3 /* SDWebImageSwiftUI */,
			);
			productName = bEtre;
			productReference = 1815FE332CA31AB6009000F9 /* bEtre.app */;
			productType = "com.apple.product-type.application";
		};
/* End PBXNativeTarget section */

/* Begin PBXProject section */
		1815FE2B2CA31AB6009000F9 /* Project object */ = {
			isa = PBXProject;
			attributes = {
				BuildIndependentTargetsInParallel = 1;
				LastSwiftUpdateCheck = 1540;
				LastUpgradeCheck = 1540;
				TargetAttributes = {
					1815FE322CA31AB6009000F9 = {
						CreatedOnToolsVersion = 15.4;
					};
				};
			};
			buildConfigurationList = 1815FE2E2CA31AB6009000F9 /* Build configuration list for PBXProject "bEtre" */;
			compatibilityVersion = "Xcode 14.0";
			developmentRegion = en;
			hasScannedForEncodings = 0;
			knownRegions = (
				en,
				Base,
			);
			mainGroup = 1815FE2A2CA31AB6009000F9;
			packageReferences = (
				1815FE492CA31F03009000F9 /* XCRemoteSwiftPackageReference "firebase-ios-sdk" */,
				59E0CB3C2CB0B15900B64AA3 /* XCRemoteSwiftPackageReference "SDWebImageSwiftUI" */,
			);
			productRefGroup = 1815FE342CA31AB6009000F9 /* Products */;
			projectDirPath = "";
			projectRoot = "";
			targets = (
				1815FE322CA31AB6009000F9 /* bEtre */,
			);
		};
/* End PBXProject section */

/* Begin PBXResourcesBuildPhase section */
		1815FE312CA31AB6009000F9 /* Resources */ = {
			isa = PBXResourcesBuildPhase;
			buildActionMask = 2147483647;
			files = (
				1815FE3E2CA31AB9009000F9 /* Preview Assets.xcassets in Resources */,
				1815FE3B2CA31AB9009000F9 /* Assets.xcassets in Resources */,
				558FEF012CCF20F2003C5B17 /* GoogleService-Info.plist in Resources */,
			);
			runOnlyForDeploymentPostprocessing = 0;
		};
/* End PBXResourcesBuildPhase section */

/* Begin PBXSourcesBuildPhase section */
		1815FE2F2CA31AB6009000F9 /* Sources */ = {
			isa = PBXSourcesBuildPhase;
			buildActionMask = 2147483647;
			files = (
				552651562CB4D80500E6B56A /* Admin.swift in Sources */,
				1815FE662CAF7A03009000F9 /* EditProfileView.swift in Sources */,
				55C923EE2CD0894500EA97D3 /* EditPostView.swift in Sources */,
				552651582CB4DC7600E6B56A /* Dashboard.swift in Sources */,
				1815FE5E2CA792BF009000F9 /* CreateView.swift in Sources */,
				1815FE622CA792EA009000F9 /* ProfileView.swift in Sources */,
				1815FE602CA792D9009000F9 /* InboxView.swift in Sources */,
				5526515C2CB4DC9A00E6B56A /* InboxAdmin.swift in Sources */,
				1815FE5C2CA7929F009000F9 /* SearchView.swift in Sources */,
				5981C0872CB485B800FD00B1 /* SettingsView.swift in Sources */,
				59E0CB402CB45D9000B64AA3 /* ProfileImagePicker.swift in Sources */,
				1815FE522CA32F37009000F9 /* LoginView.swift in Sources */,
				1815FE562CA75C71009000F9 /* UserViewModel.swift in Sources */,
				1815FE542CA7575B009000F9 /* ForgotPasswordView.swift in Sources */,
				1815FE642CAF6E9D009000F9 /* SplashScreenView.swift in Sources */,
				1815FE5A2CA79213009000F9 /* ExlporeView.swift in Sources */,
				1815FE392CA31AB6009000F9 /* ContentView.swift in Sources */,
				1815FE462CA31AFB009000F9 /* SignUpView.swift in Sources */,
				552651542CB4D64000E6B56A /* maison.swift in Sources */,
				5526515E2CB4DCBF00E6B56A /* ProfileAdmin.swift in Sources */,
				189EA73C2CB8580500820D64 /* UserProfileView.swift in Sources */,
				5526515A2CB4DC8900E6B56A /* ActivityAdmin.swift in Sources */,
				1815FE372CA31AB6009000F9 /* bEtreApp.swift in Sources */,
				1815FE502CA32F08009000F9 /* SessionManager.swift in Sources */,
				1815FE4E2CA32ECB009000F9 /* Utils.swift in Sources */,
			);
			runOnlyForDeploymentPostprocessing = 0;
		};
/* End PBXSourcesBuildPhase section */

/* Begin XCBuildConfiguration section */
		1815FE3F2CA31AB9009000F9 /* Debug */ = {
			isa = XCBuildConfiguration;
			buildSettings = {
				ALWAYS_SEARCH_USER_PATHS = NO;
				ASSETCATALOG_COMPILER_GENERATE_SWIFT_ASSET_SYMBOL_EXTENSIONS = YES;
				CLANG_ANALYZER_NONNULL = YES;
				CLANG_ANALYZER_NUMBER_OBJECT_CONVERSION = YES_AGGRESSIVE;
				CLANG_CXX_LANGUAGE_STANDARD = "gnu++20";
				CLANG_ENABLE_MODULES = YES;
				CLANG_ENABLE_OBJC_ARC = YES;
				CLANG_ENABLE_OBJC_WEAK = YES;
				CLANG_WARN_BLOCK_CAPTURE_AUTORELEASING = YES;
				CLANG_WARN_BOOL_CONVERSION = YES;
				CLANG_WARN_COMMA = YES;
				CLANG_WARN_CONSTANT_CONVERSION = YES;
				CLANG_WARN_DEPRECATED_OBJC_IMPLEMENTATIONS = YES;
				CLANG_WARN_DIRECT_OBJC_ISA_USAGE = YES_ERROR;
				CLANG_WARN_DOCUMENTATION_COMMENTS = YES;
				CLANG_WARN_EMPTY_BODY = YES;
				CLANG_WARN_ENUM_CONVERSION = YES;
				CLANG_WARN_INFINITE_RECURSION = YES;
				CLANG_WARN_INT_CONVERSION = YES;
				CLANG_WARN_NON_LITERAL_NULL_CONVERSION = YES;
				CLANG_WARN_OBJC_IMPLICIT_RETAIN_SELF = YES;
				CLANG_WARN_OBJC_LITERAL_CONVERSION = YES;
				CLANG_WARN_OBJC_ROOT_CLASS = YES_ERROR;
				CLANG_WARN_QUOTED_INCLUDE_IN_FRAMEWORK_HEADER = YES;
				CLANG_WARN_RANGE_LOOP_ANALYSIS = YES;
				CLANG_WARN_STRICT_PROTOTYPES = YES;
				CLANG_WARN_SUSPICIOUS_MOVE = YES;
				CLANG_WARN_UNGUARDED_AVAILABILITY = YES_AGGRESSIVE;
				CLANG_WARN_UNREACHABLE_CODE = YES;
				CLANG_WARN__DUPLICATE_METHOD_MATCH = YES;
				COPY_PHASE_STRIP = NO;
				DEBUG_INFORMATION_FORMAT = dwarf;
				ENABLE_STRICT_OBJC_MSGSEND = YES;
				ENABLE_TESTABILITY = YES;
				ENABLE_USER_SCRIPT_SANDBOXING = YES;
				GCC_C_LANGUAGE_STANDARD = gnu17;
				GCC_DYNAMIC_NO_PIC = NO;
				GCC_NO_COMMON_BLOCKS = YES;
				GCC_OPTIMIZATION_LEVEL = 0;
				GCC_PREPROCESSOR_DEFINITIONS = (
					"DEBUG=1",
					"$(inherited)",
				);
				GCC_WARN_64_TO_32_BIT_CONVERSION = YES;
				GCC_WARN_ABOUT_RETURN_TYPE = YES_ERROR;
				GCC_WARN_UNDECLARED_SELECTOR = YES;
				GCC_WARN_UNINITIALIZED_AUTOS = YES_AGGRESSIVE;
				GCC_WARN_UNUSED_FUNCTION = YES;
				GCC_WARN_UNUSED_VARIABLE = YES;
				IPHONEOS_DEPLOYMENT_TARGET = 17.5;
				LOCALIZATION_PREFERS_STRING_CATALOGS = YES;
				MTL_ENABLE_DEBUG_INFO = INCLUDE_SOURCE;
				MTL_FAST_MATH = YES;
				ONLY_ACTIVE_ARCH = YES;
				SDKROOT = iphoneos;
				SWIFT_ACTIVE_COMPILATION_CONDITIONS = "DEBUG $(inherited)";
				SWIFT_OPTIMIZATION_LEVEL = "-Onone";
			};
			name = Debug;
		};
		1815FE402CA31AB9009000F9 /* Release */ = {
			isa = XCBuildConfiguration;
			buildSettings = {
				ALWAYS_SEARCH_USER_PATHS = NO;
				ASSETCATALOG_COMPILER_GENERATE_SWIFT_ASSET_SYMBOL_EXTENSIONS = YES;
				CLANG_ANALYZER_NONNULL = YES;
				CLANG_ANALYZER_NUMBER_OBJECT_CONVERSION = YES_AGGRESSIVE;
				CLANG_CXX_LANGUAGE_STANDARD = "gnu++20";
				CLANG_ENABLE_MODULES = YES;
				CLANG_ENABLE_OBJC_ARC = YES;
				CLANG_ENABLE_OBJC_WEAK = YES;
				CLANG_WARN_BLOCK_CAPTURE_AUTORELEASING = YES;
				CLANG_WARN_BOOL_CONVERSION = YES;
				CLANG_WARN_COMMA = YES;
				CLANG_WARN_CONSTANT_CONVERSION = YES;
				CLANG_WARN_DEPRECATED_OBJC_IMPLEMENTATIONS = YES;
				CLANG_WARN_DIRECT_OBJC_ISA_USAGE = YES_ERROR;
				CLANG_WARN_DOCUMENTATION_COMMENTS = YES;
				CLANG_WARN_EMPTY_BODY = YES;
				CLANG_WARN_ENUM_CONVERSION = YES;
				CLANG_WARN_INFINITE_RECURSION = YES;
				CLANG_WARN_INT_CONVERSION = YES;
				CLANG_WARN_NON_LITERAL_NULL_CONVERSION = YES;
				CLANG_WARN_OBJC_IMPLICIT_RETAIN_SELF = YES;
				CLANG_WARN_OBJC_LITERAL_CONVERSION = YES;
				CLANG_WARN_OBJC_ROOT_CLASS = YES_ERROR;
				CLANG_WARN_QUOTED_INCLUDE_IN_FRAMEWORK_HEADER = YES;
				CLANG_WARN_RANGE_LOOP_ANALYSIS = YES;
				CLANG_WARN_STRICT_PROTOTYPES = YES;
				CLANG_WARN_SUSPICIOUS_MOVE = YES;
				CLANG_WARN_UNGUARDED_AVAILABILITY = YES_AGGRESSIVE;
				CLANG_WARN_UNREACHABLE_CODE = YES;
				CLANG_WARN__DUPLICATE_METHOD_MATCH = YES;
				COPY_PHASE_STRIP = NO;
				DEBUG_INFORMATION_FORMAT = "dwarf-with-dsym";
				ENABLE_NS_ASSERTIONS = NO;
				ENABLE_STRICT_OBJC_MSGSEND = YES;
				ENABLE_USER_SCRIPT_SANDBOXING = YES;
				GCC_C_LANGUAGE_STANDARD = gnu17;
				GCC_NO_COMMON_BLOCKS = YES;
				GCC_WARN_64_TO_32_BIT_CONVERSION = YES;
				GCC_WARN_ABOUT_RETURN_TYPE = YES_ERROR;
				GCC_WARN_UNDECLARED_SELECTOR = YES;
				GCC_WARN_UNINITIALIZED_AUTOS = YES_AGGRESSIVE;
				GCC_WARN_UNUSED_FUNCTION = YES;
				GCC_WARN_UNUSED_VARIABLE = YES;
				IPHONEOS_DEPLOYMENT_TARGET = 17.5;
				LOCALIZATION_PREFERS_STRING_CATALOGS = YES;
				MTL_ENABLE_DEBUG_INFO = NO;
				MTL_FAST_MATH = YES;
				SDKROOT = iphoneos;
				SWIFT_COMPILATION_MODE = wholemodule;
				VALIDATE_PRODUCT = YES;
			};
			name = Release;
		};
		1815FE422CA31AB9009000F9 /* Debug */ = {
			isa = XCBuildConfiguration;
			buildSettings = {
				ASSETCATALOG_COMPILER_APPICON_NAME = AppIcon;
				ASSETCATALOG_COMPILER_GLOBAL_ACCENT_COLOR_NAME = AccentColor;
				CODE_SIGN_STYLE = Manual;
				CURRENT_PROJECT_VERSION = 1;
				DEVELOPMENT_ASSET_PATHS = "\"bEtre/Preview Content\"";
				DEVELOPMENT_TEAM = "";
				ENABLE_PREVIEWS = YES;
				GENERATE_INFOPLIST_FILE = YES;
				INFOPLIST_FILE = bEtre/Info.plist;
				INFOPLIST_KEY_LSApplicationCategoryType = "";
				INFOPLIST_KEY_UIApplicationSceneManifest_Generation = YES;
				INFOPLIST_KEY_UIApplicationSupportsIndirectInputEvents = YES;
				INFOPLIST_KEY_UISupportedInterfaceOrientations_iPad = "UIInterfaceOrientationPortrait UIInterfaceOrientationPortraitUpsideDown UIInterfaceOrientationLandscapeLeft UIInterfaceOrientationLandscapeRight";
				INFOPLIST_KEY_UISupportedInterfaceOrientations_iPhone = "UIInterfaceOrientationPortrait UIInterfaceOrientationLandscapeLeft UIInterfaceOrientationLandscapeRight";
				LD_RUNPATH_SEARCH_PATHS = (
					"$(inherited)",
					"@executable_path/Frameworks",
				);
				MARKETING_VERSION = 1.0;
				PRODUCT_BUNDLE_IDENTIFIER = com.mohit.bEtre;
				PRODUCT_NAME = "$(TARGET_NAME)";
				PROVISIONING_PROFILE_SPECIFIER = "";
				SWIFT_EMIT_LOC_STRINGS = YES;
				SWIFT_VERSION = 5.0;
				TARGETED_DEVICE_FAMILY = "1,2";
			};
			name = Debug;
		};
		1815FE432CA31AB9009000F9 /* Release */ = {
			isa = XCBuildConfiguration;
			buildSettings = {
				ASSETCATALOG_COMPILER_APPICON_NAME = AppIcon;
				ASSETCATALOG_COMPILER_GLOBAL_ACCENT_COLOR_NAME = AccentColor;
				CODE_SIGN_STYLE = Manual;
				CURRENT_PROJECT_VERSION = 1;
				DEVELOPMENT_ASSET_PATHS = "\"bEtre/Preview Content\"";
				DEVELOPMENT_TEAM = "";
				ENABLE_PREVIEWS = YES;
				GENERATE_INFOPLIST_FILE = YES;
				INFOPLIST_FILE = bEtre/Info.plist;
				INFOPLIST_KEY_LSApplicationCategoryType = "";
				INFOPLIST_KEY_UIApplicationSceneManifest_Generation = YES;
				INFOPLIST_KEY_UIApplicationSupportsIndirectInputEvents = YES;
				INFOPLIST_KEY_UISupportedInterfaceOrientations_iPad = "UIInterfaceOrientationPortrait UIInterfaceOrientationPortraitUpsideDown UIInterfaceOrientationLandscapeLeft UIInterfaceOrientationLandscapeRight";
				INFOPLIST_KEY_UISupportedInterfaceOrientations_iPhone = "UIInterfaceOrientationPortrait UIInterfaceOrientationLandscapeLeft UIInterfaceOrientationLandscapeRight";
				LD_RUNPATH_SEARCH_PATHS = (
					"$(inherited)",
					"@executable_path/Frameworks",
				);
				MARKETING_VERSION = 1.0;
				PRODUCT_BUNDLE_IDENTIFIER = com.mohit.bEtre;
				PRODUCT_NAME = "$(TARGET_NAME)";
				PROVISIONING_PROFILE_SPECIFIER = "";
				SWIFT_EMIT_LOC_STRINGS = YES;
				SWIFT_VERSION = 5.0;
				TARGETED_DEVICE_FAMILY = "1,2";
			};
			name = Release;
		};
/* End XCBuildConfiguration section */

/* Begin XCConfigurationList section */
		1815FE2E2CA31AB6009000F9 /* Build configuration list for PBXProject "bEtre" */ = {
			isa = XCConfigurationList;
			buildConfigurations = (
				1815FE3F2CA31AB9009000F9 /* Debug */,
				1815FE402CA31AB9009000F9 /* Release */,
			);
			defaultConfigurationIsVisible = 0;
			defaultConfigurationName = Release;
		};
		1815FE412CA31AB9009000F9 /* Build configuration list for PBXNativeTarget "bEtre" */ = {
			isa = XCConfigurationList;
			buildConfigurations = (
				1815FE422CA31AB9009000F9 /* Debug */,
				1815FE432CA31AB9009000F9 /* Release */,
			);
			defaultConfigurationIsVisible = 0;
			defaultConfigurationName = Release;
		};
/* End XCConfigurationList section */

/* Begin XCRemoteSwiftPackageReference section */
		1815FE492CA31F03009000F9 /* XCRemoteSwiftPackageReference "firebase-ios-sdk" */ = {
			isa = XCRemoteSwiftPackageReference;
			repositoryURL = "https://github.com/firebase/firebase-ios-sdk";
			requirement = {
				kind = upToNextMajorVersion;
				minimumVersion = 11.2.0;
			};
		};
		59E0CB3C2CB0B15900B64AA3 /* XCRemoteSwiftPackageReference "SDWebImageSwiftUI" */ = {
			isa = XCRemoteSwiftPackageReference;
			repositoryURL = "https://github.com/SDWebImage/SDWebImageSwiftUI";
			requirement = {
				kind = upToNextMajorVersion;
				minimumVersion = 3.1.2;
			};
		};
/* End XCRemoteSwiftPackageReference section */

/* Begin XCSwiftPackageProductDependency section */
		1815FE4B2CA31F1E009000F9 /* FirebaseAuth */ = {
			isa = XCSwiftPackageProductDependency;
			package = 1815FE492CA31F03009000F9 /* XCRemoteSwiftPackageReference "firebase-ios-sdk" */;
			productName = FirebaseAuth;
		};
		1815FE572CA76BF8009000F9 /* FirebaseFirestore */ = {
			isa = XCSwiftPackageProductDependency;
			package = 1815FE492CA31F03009000F9 /* XCRemoteSwiftPackageReference "firebase-ios-sdk" */;
			productName = FirebaseFirestore;
		};
		59E0CB122CB0AC0E00B64AA3 /* FirebaseAnalytics */ = {
			isa = XCSwiftPackageProductDependency;
			productName = FirebaseAnalytics;
		};
		59E0CB142CB0AC0E00B64AA3 /* FirebaseAnalyticsOnDeviceConversion */ = {
			isa = XCSwiftPackageProductDependency;
			productName = FirebaseAnalyticsOnDeviceConversion;
		};
		59E0CB162CB0AC0E00B64AA3 /* FirebaseAnalyticsWithoutAdIdSupport */ = {
			isa = XCSwiftPackageProductDependency;
			productName = FirebaseAnalyticsWithoutAdIdSupport;
		};
		59E0CB182CB0AC0E00B64AA3 /* FirebaseAppCheck */ = {
			isa = XCSwiftPackageProductDependency;
			productName = FirebaseAppCheck;
		};
		59E0CB1A2CB0AC0E00B64AA3 /* FirebaseAppDistribution-Beta */ = {
			isa = XCSwiftPackageProductDependency;
			productName = "FirebaseAppDistribution-Beta";
		};
		59E0CB1C2CB0AC0E00B64AA3 /* FirebaseAuthCombine-Community */ = {
			isa = XCSwiftPackageProductDependency;
			productName = "FirebaseAuthCombine-Community";
		};
		59E0CB1E2CB0AC0E00B64AA3 /* FirebaseCrashlytics */ = {
			isa = XCSwiftPackageProductDependency;
			productName = FirebaseCrashlytics;
		};
		59E0CB202CB0AC0E00B64AA3 /* FirebaseDatabase */ = {
			isa = XCSwiftPackageProductDependency;
			productName = FirebaseDatabase;
		};
		59E0CB222CB0AC0E00B64AA3 /* FirebaseDynamicLinks */ = {
			isa = XCSwiftPackageProductDependency;
			productName = FirebaseDynamicLinks;
		};
		59E0CB242CB0AC0E00B64AA3 /* FirebaseFirestoreCombine-Community */ = {
			isa = XCSwiftPackageProductDependency;
			productName = "FirebaseFirestoreCombine-Community";
		};
		59E0CB262CB0AC0E00B64AA3 /* FirebaseFunctions */ = {
			isa = XCSwiftPackageProductDependency;
			productName = FirebaseFunctions;
		};
		59E0CB282CB0AC0E00B64AA3 /* FirebaseFunctionsCombine-Community */ = {
			isa = XCSwiftPackageProductDependency;
			productName = "FirebaseFunctionsCombine-Community";
		};
		59E0CB2A2CB0AC0E00B64AA3 /* FirebaseInAppMessaging-Beta */ = {
			isa = XCSwiftPackageProductDependency;
			productName = "FirebaseInAppMessaging-Beta";
		};
		59E0CB2C2CB0AC0E00B64AA3 /* FirebaseInstallations */ = {
			isa = XCSwiftPackageProductDependency;
			productName = FirebaseInstallations;
		};
		59E0CB2E2CB0AC0E00B64AA3 /* FirebaseMLModelDownloader */ = {
			isa = XCSwiftPackageProductDependency;
			productName = FirebaseMLModelDownloader;
		};
		59E0CB302CB0AC0E00B64AA3 /* FirebaseMessaging */ = {
			isa = XCSwiftPackageProductDependency;
			productName = FirebaseMessaging;
		};
		59E0CB322CB0AC0E00B64AA3 /* FirebasePerformance */ = {
			isa = XCSwiftPackageProductDependency;
			productName = FirebasePerformance;
		};
		59E0CB342CB0AC0E00B64AA3 /* FirebaseRemoteConfig */ = {
			isa = XCSwiftPackageProductDependency;
			productName = FirebaseRemoteConfig;
		};
		59E0CB362CB0AC0E00B64AA3 /* FirebaseStorage */ = {
			isa = XCSwiftPackageProductDependency;
			productName = FirebaseStorage;
		};
		59E0CB382CB0AC0E00B64AA3 /* FirebaseStorageCombine-Community */ = {
			isa = XCSwiftPackageProductDependency;
			productName = "FirebaseStorageCombine-Community";
		};
		59E0CB3A2CB0AC0E00B64AA3 /* FirebaseVertexAI-Preview */ = {
			isa = XCSwiftPackageProductDependency;
			productName = "FirebaseVertexAI-Preview";
		};
		59E0CB3D2CB0B15900B64AA3 /* SDWebImageSwiftUI */ = {
			isa = XCSwiftPackageProductDependency;
			package = 59E0CB3C2CB0B15900B64AA3 /* XCRemoteSwiftPackageReference "SDWebImageSwiftUI" */;
			productName = SDWebImageSwiftUI;
		};
/* End XCSwiftPackageProductDependency section */
	};
	rootObject = 1815FE2B2CA31AB6009000F9 /* Project object */;
}
