// !$*UTF8*$!
{
	archiveVersion = 1;
	classes = {
	};
	objectVersion = 56;
	objects = {

/* Begin PBXBuildFile section */
		1815FE372CA31AB6009000F9 /* bEtreApp.swift in Sources */ = {isa = PBXBuildFile; fileRef = 1815FE362CA31AB6009000F9 /* bEtreApp.swift */; };
		1815FE392CA31AB6009000F9 /* ContentView.swift in Sources */ = {isa = PBXBuildFile; fileRef = 1815FE382CA31AB6009000F9 /* ContentView.swift */; };
		1815FE3B2CA31AB9009000F9 /* Assets.xcassets in Resources */ = {isa = PBXBuildFile; fileRef = 1815FE3A2CA31AB9009000F9 /* Assets.xcassets */; };
		1815FE3E2CA31AB9009000F9 /* Preview Assets.xcassets in Resources */ = {isa = PBXBuildFile; fileRef = 1815FE3D2CA31AB9009000F9 /* Preview Assets.xcassets */; };
		1815FE462CA31AFB009000F9 /* SignUpView.swift in Sources */ = {isa = PBXBuildFile; fileRef = 1815FE452CA31AFB009000F9 /* SignUpView.swift */; };
		1815FE482CA31EA4009000F9 /* GoogleService-Info.plist in Resources */ = {isa = PBXBuildFile; fileRef = 1815FE472CA31EA4009000F9 /* GoogleService-Info.plist */; };
		1815FE4C2CA31F1E009000F9 /* FirebaseAuth in Frameworks */ = {isa = PBXBuildFile; productRef = 1815FE4B2CA31F1E009000F9 /* FirebaseAuth */; };
		1815FE4E2CA32ECB009000F9 /* Utils.swift in Sources */ = {isa = PBXBuildFile; fileRef = 1815FE4D2CA32ECB009000F9 /* Utils.swift */; };
		1815FE502CA32F08009000F9 /* SessionManager.swift in Sources */ = {isa = PBXBuildFile; fileRef = 1815FE4F2CA32F08009000F9 /* SessionManager.swift */; };
		1815FE522CA32F37009000F9 /* LoginView.swift in Sources */ = {isa = PBXBuildFile; fileRef = 1815FE512CA32F37009000F9 /* LoginView.swift */; };
		1815FE542CA7575B009000F9 /* ForgotPasswordView.swift in Sources */ = {isa = PBXBuildFile; fileRef = 1815FE532CA7575B009000F9 /* ForgotPasswordView.swift */; };
		1815FE562CA75C71009000F9 /* UserViewModel.swift in Sources */ = {isa = PBXBuildFile; fileRef = 1815FE552CA75C71009000F9 /* UserViewModel.swift */; };
		1815FE582CA76BF8009000F9 /* FirebaseFirestore in Frameworks */ = {isa = PBXBuildFile; productRef = 1815FE572CA76BF8009000F9 /* FirebaseFirestore */; };
		1815FE5A2CA79213009000F9 /* ExlporeView.swift in Sources */ = {isa = PBXBuildFile; fileRef = 1815FE592CA79213009000F9 /* ExlporeView.swift */; };
		1815FE5C2CA7929F009000F9 /* SearchView.swift in Sources */ = {isa = PBXBuildFile; fileRef = 1815FE5B2CA7929F009000F9 /* SearchView.swift */; };
		1815FE5E2CA792BF009000F9 /* CreateView.swift in Sources */ = {isa = PBXBuildFile; fileRef = 1815FE5D2CA792BF009000F9 /* CreateView.swift */; };
		1815FE602CA792D9009000F9 /* InboxView.swift in Sources */ = {isa = PBXBuildFile; fileRef = 1815FE5F2CA792D9009000F9 /* InboxView.swift */; };
		1815FE622CA792EA009000F9 /* ProfileView.swift in Sources */ = {isa = PBXBuildFile; fileRef = 1815FE612CA792EA009000F9 /* ProfileView.swift */; };
/* End PBXBuildFile section */

/* Begin PBXFileReference section */
		1815FE332CA31AB6009000F9 /* bEtre.app */ = {isa = PBXFileReference; explicitFileType = wrapper.application; includeInIndex = 0; path = bEtre.app; sourceTree = BUILT_PRODUCTS_DIR; };
		1815FE362CA31AB6009000F9 /* bEtreApp.swift */ = {isa = PBXFileReference; lastKnownFileType = sourcecode.swift; path = bEtreApp.swift; sourceTree = "<group>"; };
		1815FE382CA31AB6009000F9 /* ContentView.swift */ = {isa = PBXFileReference; lastKnownFileType = sourcecode.swift; path = ContentView.swift; sourceTree = "<group>"; };
		1815FE3A2CA31AB9009000F9 /* Assets.xcassets */ = {isa = PBXFileReference; lastKnownFileType = folder.assetcatalog; path = Assets.xcassets; sourceTree = "<group>"; };
		1815FE3D2CA31AB9009000F9 /* Preview Assets.xcassets */ = {isa = PBXFileReference; lastKnownFileType = folder.assetcatalog; path = "Preview Assets.xcassets"; sourceTree = "<group>"; };
		1815FE452CA31AFB009000F9 /* SignUpView.swift */ = {isa = PBXFileReference; lastKnownFileType = sourcecode.swift; path = SignUpView.swift; sourceTree = "<group>"; };
		1815FE472CA31EA4009000F9 /* GoogleService-Info.plist */ = {isa = PBXFileReference; fileEncoding = 4; lastKnownFileType = text.plist.xml; path = "GoogleService-Info.plist"; sourceTree = "<group>"; };
		1815FE4D2CA32ECB009000F9 /* Utils.swift */ = {isa = PBXFileReference; lastKnownFileType = sourcecode.swift; path = Utils.swift; sourceTree = "<group>"; };
		1815FE4F2CA32F08009000F9 /* SessionManager.swift */ = {isa = PBXFileReference; lastKnownFileType = sourcecode.swift; path = SessionManager.swift; sourceTree = "<group>"; };
		1815FE512CA32F37009000F9 /* LoginView.swift */ = {isa = PBXFileReference; lastKnownFileType = sourcecode.swift; path = LoginView.swift; sourceTree = "<group>"; };
		1815FE532CA7575B009000F9 /* ForgotPasswordView.swift */ = {isa = PBXFileReference; lastKnownFileType = sourcecode.swift; path = ForgotPasswordView.swift; sourceTree = "<group>"; };
		1815FE552CA75C71009000F9 /* UserViewModel.swift */ = {isa = PBXFileReference; lastKnownFileType = sourcecode.swift; path = UserViewModel.swift; sourceTree = "<group>"; };
		1815FE592CA79213009000F9 /* ExlporeView.swift */ = {isa = PBXFileReference; lastKnownFileType = sourcecode.swift; path = ExlporeView.swift; sourceTree = "<group>"; };
		1815FE5B2CA7929F009000F9 /* SearchView.swift */ = {isa = PBXFileReference; lastKnownFileType = sourcecode.swift; path = SearchView.swift; sourceTree = "<group>"; };
		1815FE5D2CA792BF009000F9 /* CreateView.swift */ = {isa = PBXFileReference; lastKnownFileType = sourcecode.swift; path = CreateView.swift; sourceTree = "<group>"; };
		1815FE5F2CA792D9009000F9 /* InboxView.swift */ = {isa = PBXFileReference; lastKnownFileType = sourcecode.swift; path = InboxView.swift; sourceTree = "<group>"; };
		1815FE612CA792EA009000F9 /* ProfileView.swift */ = {isa = PBXFileReference; lastKnownFileType = sourcecode.swift; path = ProfileView.swift; sourceTree = "<group>"; };
/* End PBXFileReference section */

/* Begin PBXFrameworksBuildPhase section */
		1815FE302CA31AB6009000F9 /* Frameworks */ = {
			isa = PBXFrameworksBuildPhase;
			buildActionMask = 2147483647;
			files = (
				1815FE4C2CA31F1E009000F9 /* FirebaseAuth in Frameworks */,
				1815FE582CA76BF8009000F9 /* FirebaseFirestore in Frameworks */,
			);
			runOnlyForDeploymentPostprocessing = 0;
		};
/* End PBXFrameworksBuildPhase section */

/* Begin PBXGroup section */
		1815FE2A2CA31AB6009000F9 = {
			isa = PBXGroup;
			children = (
				1815FE352CA31AB6009000F9 /* bEtre */,
				1815FE342CA31AB6009000F9 /* Products */,
				1815FE4A2CA31F1E009000F9 /* Frameworks */,
			);
			sourceTree = "<group>";
		};
		1815FE342CA31AB6009000F9 /* Products */ = {
			isa = PBXGroup;
			children = (
				1815FE332CA31AB6009000F9 /* bEtre.app */,
			);
			name = Products;
			sourceTree = "<group>";
		};
		1815FE352CA31AB6009000F9 /* bEtre */ = {
			isa = PBXGroup;
			children = (
				1815FE442CA31ADA009000F9 /* Authentication */,
				1815FE362CA31AB6009000F9 /* bEtreApp.swift */,
				1815FE382CA31AB6009000F9 /* ContentView.swift */,
				1815FE3A2CA31AB9009000F9 /* Assets.xcassets */,
				1815FE3C2CA31AB9009000F9 /* Preview Content */,
				1815FE592CA79213009000F9 /* ExlporeView.swift */,
				1815FE5B2CA7929F009000F9 /* SearchView.swift */,
				1815FE5D2CA792BF009000F9 /* CreateView.swift */,
				1815FE5F2CA792D9009000F9 /* InboxView.swift */,
				1815FE612CA792EA009000F9 /* ProfileView.swift */,
			);
			path = bEtre;
			sourceTree = "<group>";
		};
		1815FE3C2CA31AB9009000F9 /* Preview Content */ = {
			isa = PBXGroup;
			children = (
				1815FE3D2CA31AB9009000F9 /* Preview Assets.xcassets */,
			);
			path = "Preview Content";
			sourceTree = "<group>";
		};
		1815FE442CA31ADA009000F9 /* Authentication */ = {
			isa = PBXGroup;
			children = (
				1815FE472CA31EA4009000F9 /* GoogleService-Info.plist */,
				1815FE452CA31AFB009000F9 /* SignUpView.swift */,
				1815FE4D2CA32ECB009000F9 /* Utils.swift */,
				1815FE4F2CA32F08009000F9 /* SessionManager.swift */,
				1815FE512CA32F37009000F9 /* LoginView.swift */,
				1815FE532CA7575B009000F9 /* ForgotPasswordView.swift */,
				1815FE552CA75C71009000F9 /* UserViewModel.swift */,
			);
			path = Authentication;
			sourceTree = "<group>";
		};
		1815FE4A2CA31F1E009000F9 /* Frameworks */ = {
			isa = PBXGroup;
			children = (
			);
			name = Frameworks;
			sourceTree = "<group>";
		};
/* End PBXGroup section */

/* Begin PBXNativeTarget section */
		1815FE322CA31AB6009000F9 /* bEtre */ = {
			isa = PBXNativeTarget;
			buildConfigurationList = 1815FE412CA31AB9009000F9 /* Build configuration list for PBXNativeTarget "bEtre" */;
			buildPhases = (
				1815FE2F2CA31AB6009000F9 /* Sources */,
				1815FE302CA31AB6009000F9 /* Frameworks */,
				1815FE312CA31AB6009000F9 /* Resources */,
			);
			buildRules = (
			);
			dependencies = (
			);
			name = bEtre;
			packageProductDependencies = (
				1815FE4B2CA31F1E009000F9 /* FirebaseAuth */,
				1815FE572CA76BF8009000F9 /* FirebaseFirestore */,
			);
			productName = bEtre;
			productReference = 1815FE332CA31AB6009000F9 /* bEtre.app */;
			productType = "com.apple.product-type.application";
		};
/* End PBXNativeTarget section */

/* Begin PBXProject section */
		1815FE2B2CA31AB6009000F9 /* Project object */ = {
			isa = PBXProject;
			attributes = {
				BuildIndependentTargetsInParallel = 1;
				LastSwiftUpdateCheck = 1540;
				LastUpgradeCheck = 1540;
				TargetAttributes = {
					1815FE322CA31AB6009000F9 = {
						CreatedOnToolsVersion = 15.4;
					};
				};
			};
			buildConfigurationList = 1815FE2E2CA31AB6009000F9 /* Build configuration list for PBXProject "bEtre" */;
			compatibilityVersion = "Xcode 14.0";
			developmentRegion = en;
			hasScannedForEncodings = 0;
			knownRegions = (
				en,
				Base,
			);
			mainGroup = 1815FE2A2CA31AB6009000F9;
			packageReferences = (
				1815FE492CA31F03009000F9 /* XCRemoteSwiftPackageReference "firebase-ios-sdk" */,
			);
			productRefGroup = 1815FE342CA31AB6009000F9 /* Products */;
			projectDirPath = "";
			projectRoot = "";
			targets = (
				1815FE322CA31AB6009000F9 /* bEtre */,
			);
		};
/* End PBXProject section */

/* Begin PBXResourcesBuildPhase section */
		1815FE312CA31AB6009000F9 /* Resources */ = {
			isa = PBXResourcesBuildPhase;
			buildActionMask = 2147483647;
			files = (
				1815FE3E2CA31AB9009000F9 /* Preview Assets.xcassets in Resources */,
				1815FE3B2CA31AB9009000F9 /* Assets.xcassets in Resources */,
				1815FE482CA31EA4009000F9 /* GoogleService-Info.plist in Resources */,
			);
			runOnlyForDeploymentPostprocessing = 0;
		};
/* End PBXResourcesBuildPhase section */

/* Begin PBXSourcesBuildPhase section */
		1815FE2F2CA31AB6009000F9 /* Sources */ = {
			isa = PBXSourcesBuildPhase;
			buildActionMask = 2147483647;
			files = (
				1815FE5E2CA792BF009000F9 /* CreateView.swift in Sources */,
				1815FE622CA792EA009000F9 /* ProfileView.swift in Sources */,
				1815FE602CA792D9009000F9 /* InboxView.swift in Sources */,
				1815FE5C2CA7929F009000F9 /* SearchView.swift in Sources */,
				1815FE522CA32F37009000F9 /* LoginView.swift in Sources */,
				1815FE562CA75C71009000F9 /* UserViewModel.swift in Sources */,
				1815FE542CA7575B009000F9 /* ForgotPasswordView.swift in Sources */,
				1815FE5A2CA79213009000F9 /* ExlporeView.swift in Sources */,
				1815FE392CA31AB6009000F9 /* ContentView.swift in Sources */,
				1815FE462CA31AFB009000F9 /* SignUpView.swift in Sources */,
				1815FE372CA31AB6009000F9 /* bEtreApp.swift in Sources */,
				1815FE502CA32F08009000F9 /* SessionManager.swift in Sources */,
				1815FE4E2CA32ECB009000F9 /* Utils.swift in Sources */,
			);
			runOnlyForDeploymentPostprocessing = 0;
		};
/* End PBXSourcesBuildPhase section */

/* Begin XCBuildConfiguration section */
		1815FE3F2CA31AB9009000F9 /* Debug */ = {
			isa = XCBuildConfiguration;
			buildSettings = {
				ALWAYS_SEARCH_USER_PATHS = NO;
				ASSETCATALOG_COMPILER_GENERATE_SWIFT_ASSET_SYMBOL_EXTENSIONS = YES;
				CLANG_ANALYZER_NONNULL = YES;
				CLANG_ANALYZER_NUMBER_OBJECT_CONVERSION = YES_AGGRESSIVE;
				CLANG_CXX_LANGUAGE_STANDARD = "gnu++20";
				CLANG_ENABLE_MODULES = YES;
				CLANG_ENABLE_OBJC_ARC = YES;
				CLANG_ENABLE_OBJC_WEAK = YES;
				CLANG_WARN_BLOCK_CAPTURE_AUTORELEASING = YES;
				CLANG_WARN_BOOL_CONVERSION = YES;
				CLANG_WARN_COMMA = YES;
				CLANG_WARN_CONSTANT_CONVERSION = YES;
				CLANG_WARN_DEPRECATED_OBJC_IMPLEMENTATIONS = YES;
				CLANG_WARN_DIRECT_OBJC_ISA_USAGE = YES_ERROR;
				CLANG_WARN_DOCUMENTATION_COMMENTS = YES;
				CLANG_WARN_EMPTY_BODY = YES;
				CLANG_WARN_ENUM_CONVERSION = YES;
				CLANG_WARN_INFINITE_RECURSION = YES;
				CLANG_WARN_INT_CONVERSION = YES;
				CLANG_WARN_NON_LITERAL_NULL_CONVERSION = YES;
				CLANG_WARN_OBJC_IMPLICIT_RETAIN_SELF = YES;
				CLANG_WARN_OBJC_LITERAL_CONVERSION = YES;
				CLANG_WARN_OBJC_ROOT_CLASS = YES_ERROR;
				CLANG_WARN_QUOTED_INCLUDE_IN_FRAMEWORK_HEADER = YES;
				CLANG_WARN_RANGE_LOOP_ANALYSIS = YES;
				CLANG_WARN_STRICT_PROTOTYPES = YES;
				CLANG_WARN_SUSPICIOUS_MOVE = YES;
				CLANG_WARN_UNGUARDED_AVAILABILITY = YES_AGGRESSIVE;
				CLANG_WARN_UNREACHABLE_CODE = YES;
				CLANG_WARN__DUPLICATE_METHOD_MATCH = YES;
				COPY_PHASE_STRIP = NO;
				DEBUG_INFORMATION_FORMAT = dwarf;
				ENABLE_STRICT_OBJC_MSGSEND = YES;
				ENABLE_TESTABILITY = YES;
				ENABLE_USER_SCRIPT_SANDBOXING = YES;
				GCC_C_LANGUAGE_STANDARD = gnu17;
				GCC_DYNAMIC_NO_PIC = NO;
				GCC_NO_COMMON_BLOCKS = YES;
				GCC_OPTIMIZATION_LEVEL = 0;
				GCC_PREPROCESSOR_DEFINITIONS = (
					"DEBUG=1",
					"$(inherited)",
				);
				GCC_WARN_64_TO_32_BIT_CONVERSION = YES;
				GCC_WARN_ABOUT_RETURN_TYPE = YES_ERROR;
				GCC_WARN_UNDECLARED_SELECTOR = YES;
				GCC_WARN_UNINITIALIZED_AUTOS = YES_AGGRESSIVE;
				GCC_WARN_UNUSED_FUNCTION = YES;
				GCC_WARN_UNUSED_VARIABLE = YES;
				IPHONEOS_DEPLOYMENT_TARGET = 17.5;
				LOCALIZATION_PREFERS_STRING_CATALOGS = YES;
				MTL_ENABLE_DEBUG_INFO = INCLUDE_SOURCE;
				MTL_FAST_MATH = YES;
				ONLY_ACTIVE_ARCH = YES;
				SDKROOT = iphoneos;
				SWIFT_ACTIVE_COMPILATION_CONDITIONS = "DEBUG $(inherited)";
				SWIFT_OPTIMIZATION_LEVEL = "-Onone";
			};
			name = Debug;
		};
		1815FE402CA31AB9009000F9 /* Release */ = {
			isa = XCBuildConfiguration;
			buildSettings = {
				ALWAYS_SEARCH_USER_PATHS = NO;
				ASSETCATALOG_COMPILER_GENERATE_SWIFT_ASSET_SYMBOL_EXTENSIONS = YES;
				CLANG_ANALYZER_NONNULL = YES;
				CLANG_ANALYZER_NUMBER_OBJECT_CONVERSION = YES_AGGRESSIVE;
				CLANG_CXX_LANGUAGE_STANDARD = "gnu++20";
				CLANG_ENABLE_MODULES = YES;
				CLANG_ENABLE_OBJC_ARC = YES;
				CLANG_ENABLE_OBJC_WEAK = YES;
				CLANG_WARN_BLOCK_CAPTURE_AUTORELEASING = YES;
				CLANG_WARN_BOOL_CONVERSION = YES;
				CLANG_WARN_COMMA = YES;
				CLANG_WARN_CONSTANT_CONVERSION = YES;
				CLANG_WARN_DEPRECATED_OBJC_IMPLEMENTATIONS = YES;
				CLANG_WARN_DIRECT_OBJC_ISA_USAGE = YES_ERROR;
				CLANG_WARN_DOCUMENTATION_COMMENTS = YES;
				CLANG_WARN_EMPTY_BODY = YES;
				CLANG_WARN_ENUM_CONVERSION = YES;
				CLANG_WARN_INFINITE_RECURSION = YES;
				CLANG_WARN_INT_CONVERSION = YES;
				CLANG_WARN_NON_LITERAL_NULL_CONVERSION = YES;
				CLANG_WARN_OBJC_IMPLICIT_RETAIN_SELF = YES;
				CLANG_WARN_OBJC_LITERAL_CONVERSION = YES;
				CLANG_WARN_OBJC_ROOT_CLASS = YES_ERROR;
				CLANG_WARN_QUOTED_INCLUDE_IN_FRAMEWORK_HEADER = YES;
				CLANG_WARN_RANGE_LOOP_ANALYSIS = YES;
				CLANG_WARN_STRICT_PROTOTYPES = YES;
				CLANG_WARN_SUSPICIOUS_MOVE = YES;
				CLANG_WARN_UNGUARDED_AVAILABILITY = YES_AGGRESSIVE;
				CLANG_WARN_UNREACHABLE_CODE = YES;
				CLANG_WARN__DUPLICATE_METHOD_MATCH = YES;
				COPY_PHASE_STRIP = NO;
				DEBUG_INFORMATION_FORMAT = "dwarf-with-dsym";
				ENABLE_NS_ASSERTIONS = NO;
				ENABLE_STRICT_OBJC_MSGSEND = YES;
				ENABLE_USER_SCRIPT_SANDBOXING = YES;
				GCC_C_LANGUAGE_STANDARD = gnu17;
				GCC_NO_COMMON_BLOCKS = YES;
				GCC_WARN_64_TO_32_BIT_CONVERSION = YES;
				GCC_WARN_ABOUT_RETURN_TYPE = YES_ERROR;
				GCC_WARN_UNDECLARED_SELECTOR = YES;
				GCC_WARN_UNINITIALIZED_AUTOS = YES_AGGRESSIVE;
				GCC_WARN_UNUSED_FUNCTION = YES;
				GCC_WARN_UNUSED_VARIABLE = YES;
				IPHONEOS_DEPLOYMENT_TARGET = 17.5;
				LOCALIZATION_PREFERS_STRING_CATALOGS = YES;
				MTL_ENABLE_DEBUG_INFO = NO;
				MTL_FAST_MATH = YES;
				SDKROOT = iphoneos;
				SWIFT_COMPILATION_MODE = wholemodule;
				VALIDATE_PRODUCT = YES;
			};
			name = Release;
		};
		1815FE422CA31AB9009000F9 /* Debug */ = {
			isa = XCBuildConfiguration;
			buildSettings = {
				ASSETCATALOG_COMPILER_APPICON_NAME = AppIcon;
				ASSETCATALOG_COMPILER_GLOBAL_ACCENT_COLOR_NAME = AccentColor;
				CODE_SIGN_STYLE = Automatic;
				CURRENT_PROJECT_VERSION = 1;
				DEVELOPMENT_ASSET_PATHS = "\"bEtre/Preview Content\"";
				ENABLE_PREVIEWS = YES;
				GENERATE_INFOPLIST_FILE = YES;
				INFOPLIST_KEY_UIApplicationSceneManifest_Generation = YES;
				INFOPLIST_KEY_UIApplicationSupportsIndirectInputEvents = YES;
				INFOPLIST_KEY_UILaunchScreen_Generation = YES;
				INFOPLIST_KEY_UISupportedInterfaceOrientations_iPad = "UIInterfaceOrientationPortrait UIInterfaceOrientationPortraitUpsideDown UIInterfaceOrientationLandscapeLeft UIInterfaceOrientationLandscapeRight";
				INFOPLIST_KEY_UISupportedInterfaceOrientations_iPhone = "UIInterfaceOrientationPortrait UIInterfaceOrientationLandscapeLeft UIInterfaceOrientationLandscapeRight";
				LD_RUNPATH_SEARCH_PATHS = (
					"$(inherited)",
					"@executable_path/Frameworks",
				);
				MARKETING_VERSION = 1.0;
				PRODUCT_BUNDLE_IDENTIFIER = class.bEtre;
				PRODUCT_NAME = "$(TARGET_NAME)";
				SWIFT_EMIT_LOC_STRINGS = YES;
				SWIFT_VERSION = 5.0;
				TARGETED_DEVICE_FAMILY = "1,2";
			};
			name = Debug;
		};
		1815FE432CA31AB9009000F9 /* Release */ = {
			isa = XCBuildConfiguration;
			buildSettings = {
				ASSETCATALOG_COMPILER_APPICON_NAME = AppIcon;
				ASSETCATALOG_COMPILER_GLOBAL_ACCENT_COLOR_NAME = AccentColor;
				CODE_SIGN_STYLE = Automatic;
				CURRENT_PROJECT_VERSION = 1;
				DEVELOPMENT_ASSET_PATHS = "\"bEtre/Preview Content\"";
				ENABLE_PREVIEWS = YES;
				GENERATE_INFOPLIST_FILE = YES;
				INFOPLIST_KEY_UIApplicationSceneManifest_Generation = YES;
				INFOPLIST_KEY_UIApplicationSupportsIndirectInputEvents = YES;
				INFOPLIST_KEY_UILaunchScreen_Generation = YES;
				INFOPLIST_KEY_UISupportedInterfaceOrientations_iPad = "UIInterfaceOrientationPortrait UIInterfaceOrientationPortraitUpsideDown UIInterfaceOrientationLandscapeLeft UIInterfaceOrientationLandscapeRight";
				INFOPLIST_KEY_UISupportedInterfaceOrientations_iPhone = "UIInterfaceOrientationPortrait UIInterfaceOrientationLandscapeLeft UIInterfaceOrientationLandscapeRight";
				LD_RUNPATH_SEARCH_PATHS = (
					"$(inherited)",
					"@executable_path/Frameworks",
				);
				MARKETING_VERSION = 1.0;
				PRODUCT_BUNDLE_IDENTIFIER = class.bEtre;
				PRODUCT_NAME = "$(TARGET_NAME)";
				SWIFT_EMIT_LOC_STRINGS = YES;
				SWIFT_VERSION = 5.0;
				TARGETED_DEVICE_FAMILY = "1,2";
			};
			name = Release;
		};
/* End XCBuildConfiguration section */

/* Begin XCConfigurationList section */
		1815FE2E2CA31AB6009000F9 /* Build configuration list for PBXProject "bEtre" */ = {
			isa = XCConfigurationList;
			buildConfigurations = (
				1815FE3F2CA31AB9009000F9 /* Debug */,
				1815FE402CA31AB9009000F9 /* Release */,
			);
			defaultConfigurationIsVisible = 0;
			defaultConfigurationName = Release;
		};
		1815FE412CA31AB9009000F9 /* Build configuration list for PBXNativeTarget "bEtre" */ = {
			isa = XCConfigurationList;
			buildConfigurations = (
				1815FE422CA31AB9009000F9 /* Debug */,
				1815FE432CA31AB9009000F9 /* Release */,
			);
			defaultConfigurationIsVisible = 0;
			defaultConfigurationName = Release;
		};
/* End XCConfigurationList section */

/* Begin XCRemoteSwiftPackageReference section */
		1815FE492CA31F03009000F9 /* XCRemoteSwiftPackageReference "firebase-ios-sdk" */ = {
			isa = XCRemoteSwiftPackageReference;
			repositoryURL = "https://github.com/firebase/firebase-ios-sdk";
			requirement = {
				kind = upToNextMajorVersion;
				minimumVersion = 11.2.0;
			};
		};
/* End XCRemoteSwiftPackageReference section */

/* Begin XCSwiftPackageProductDependency section */
		1815FE4B2CA31F1E009000F9 /* FirebaseAuth */ = {
			isa = XCSwiftPackageProductDependency;
			package = 1815FE492CA31F03009000F9 /* XCRemoteSwiftPackageReference "firebase-ios-sdk" */;
			productName = FirebaseAuth;
		};
		1815FE572CA76BF8009000F9 /* FirebaseFirestore */ = {
			isa = XCSwiftPackageProductDependency;
			package = 1815FE492CA31F03009000F9 /* XCRemoteSwiftPackageReference "firebase-ios-sdk" */;
			productName = FirebaseFirestore;
		};
/* End XCSwiftPackageProductDependency section */
	};
	rootObject = 1815FE2B2CA31AB6009000F9 /* Project object */;
}
