// !$*UTF8*$!
{
	archiveVersion = 1;
	classes = {
	};
	objectVersion = 56;
	objects = {

/* Begin PBXBuildFile section */
		556E5BFD2CA20B82007D645A /* bEtreApp.swift in Sources */ = {isa = PBXBuildFile; fileRef = 556E5BFC2CA20B82007D645A /* bEtreApp.swift */; };
		556E5BFF2CA20B82007D645A /* ContentView.swift in Sources */ = {isa = PBXBuildFile; fileRef = 556E5BFE2CA20B82007D645A /* ContentView.swift */; };
		556E5C012CA20B83007D645A /* Assets.xcassets in Resources */ = {isa = PBXBuildFile; fileRef = 556E5C002CA20B83007D645A /* Assets.xcassets */; };
		556E5C042CA20B83007D645A /* Preview Assets.xcassets in Resources */ = {isa = PBXBuildFile; fileRef = 556E5C032CA20B83007D645A /* Preview Assets.xcassets */; };
		556E5C0E2CA20B83007D645A /* bEtreTests.swift in Sources */ = {isa = PBXBuildFile; fileRef = 556E5C0D2CA20B83007D645A /* bEtreTests.swift */; };
		556E5C182CA20B83007D645A /* bEtreUITests.swift in Sources */ = {isa = PBXBuildFile; fileRef = 556E5C172CA20B83007D645A /* bEtreUITests.swift */; };
		556E5C1A2CA20B83007D645A /* bEtreUITestsLaunchTests.swift in Sources */ = {isa = PBXBuildFile; fileRef = 556E5C192CA20B83007D645A /* bEtreUITestsLaunchTests.swift */; };
/* End PBXBuildFile section */

/* Begin PBXContainerItemProxy section */
		556E5C0A2CA20B83007D645A /* PBXContainerItemProxy */ = {
			isa = PBXContainerItemProxy;
			containerPortal = 556E5BF12CA20B82007D645A /* Project object */;
			proxyType = 1;
			remoteGlobalIDString = 556E5BF82CA20B82007D645A;
			remoteInfo = bEtre;
		};
		556E5C142CA20B83007D645A /* PBXContainerItemProxy */ = {
			isa = PBXContainerItemProxy;
			containerPortal = 556E5BF12CA20B82007D645A /* Project object */;
			proxyType = 1;
			remoteGlobalIDString = 556E5BF82CA20B82007D645A;
			remoteInfo = bEtre;
		};
/* End PBXContainerItemProxy section */

/* Begin PBXFileReference section */
		556E5BF92CA20B82007D645A /* bEtre.app */ = {isa = PBXFileReference; explicitFileType = wrapper.application; includeInIndex = 0; path = bEtre.app; sourceTree = BUILT_PRODUCTS_DIR; };
		556E5BFC2CA20B82007D645A /* bEtreApp.swift */ = {isa = PBXFileReference; lastKnownFileType = sourcecode.swift; path = bEtreApp.swift; sourceTree = "<group>"; };
		556E5BFE2CA20B82007D645A /* ContentView.swift */ = {isa = PBXFileReference; lastKnownFileType = sourcecode.swift; path = ContentView.swift; sourceTree = "<group>"; };
		556E5C002CA20B83007D645A /* Assets.xcassets */ = {isa = PBXFileReference; lastKnownFileType = folder.assetcatalog; path = Assets.xcassets; sourceTree = "<group>"; };
		556E5C032CA20B83007D645A /* Preview Assets.xcassets */ = {isa = PBXFileReference; lastKnownFileType = folder.assetcatalog; path = "Preview Assets.xcassets"; sourceTree = "<group>"; };
		556E5C092CA20B83007D645A /* bEtreTests.xctest */ = {isa = PBXFileReference; explicitFileType = wrapper.cfbundle; includeInIndex = 0; path = bEtreTests.xctest; sourceTree = BUILT_PRODUCTS_DIR; };
		556E5C0D2CA20B83007D645A /* bEtreTests.swift */ = {isa = PBXFileReference; lastKnownFileType = sourcecode.swift; path = bEtreTests.swift; sourceTree = "<group>"; };
		556E5C132CA20B83007D645A /* bEtreUITests.xctest */ = {isa = PBXFileReference; explicitFileType = wrapper.cfbundle; includeInIndex = 0; path = bEtreUITests.xctest; sourceTree = BUILT_PRODUCTS_DIR; };
		556E5C172CA20B83007D645A /* bEtreUITests.swift */ = {isa = PBXFileReference; lastKnownFileType = sourcecode.swift; path = bEtreUITests.swift; sourceTree = "<group>"; };
		556E5C192CA20B83007D645A /* bEtreUITestsLaunchTests.swift */ = {isa = PBXFileReference; lastKnownFileType = sourcecode.swift; path = bEtreUITestsLaunchTests.swift; sourceTree = "<group>"; };
/* End PBXFileReference section */

/* Begin PBXFrameworksBuildPhase section */
		556E5BF62CA20B82007D645A /* Frameworks */ = {
			isa = PBXFrameworksBuildPhase;
			buildActionMask = 2147483647;
			files = (
			);
			runOnlyForDeploymentPostprocessing = 0;
		};
		556E5C062CA20B83007D645A /* Frameworks */ = {
			isa = PBXFrameworksBuildPhase;
			buildActionMask = 2147483647;
			files = (
			);
			runOnlyForDeploymentPostprocessing = 0;
		};
		556E5C102CA20B83007D645A /* Frameworks */ = {
			isa = PBXFrameworksBuildPhase;
			buildActionMask = 2147483647;
			files = (
			);
			runOnlyForDeploymentPostprocessing = 0;
		};
/* End PBXFrameworksBuildPhase section */

/* Begin PBXGroup section */
		556E5BF02CA20B82007D645A = {
			isa = PBXGroup;
			children = (
				556E5BFB2CA20B82007D645A /* bEtre */,
				556E5C0C2CA20B83007D645A /* bEtreTests */,
				556E5C162CA20B83007D645A /* bEtreUITests */,
				556E5BFA2CA20B82007D645A /* Products */,
			);
			sourceTree = "<group>";
		};
		556E5BFA2CA20B82007D645A /* Products */ = {
			isa = PBXGroup;
			children = (
				556E5BF92CA20B82007D645A /* bEtre.app */,
				556E5C092CA20B83007D645A /* bEtreTests.xctest */,
				556E5C132CA20B83007D645A /* bEtreUITests.xctest */,
			);
			name = Products;
			sourceTree = "<group>";
		};
		556E5BFB2CA20B82007D645A /* bEtre */ = {
			isa = PBXGroup;
			children = (
				556E5BFC2CA20B82007D645A /* bEtreApp.swift */,
				556E5BFE2CA20B82007D645A /* ContentView.swift */,
				556E5C002CA20B83007D645A /* Assets.xcassets */,
				556E5C022CA20B83007D645A /* Preview Content */,
			);
			path = bEtre;
			sourceTree = "<group>";
		};
		556E5C022CA20B83007D645A /* Preview Content */ = {
			isa = PBXGroup;
			children = (
				556E5C032CA20B83007D645A /* Preview Assets.xcassets */,
			);
			path = "Preview Content";
			sourceTree = "<group>";
		};
		556E5C0C2CA20B83007D645A /* bEtreTests */ = {
			isa = PBXGroup;
			children = (
				556E5C0D2CA20B83007D645A /* bEtreTests.swift */,
			);
			path = bEtreTests;
			sourceTree = "<group>";
		};
		556E5C162CA20B83007D645A /* bEtreUITests */ = {
			isa = PBXGroup;
			children = (
				556E5C172CA20B83007D645A /* bEtreUITests.swift */,
				556E5C192CA20B83007D645A /* bEtreUITestsLaunchTests.swift */,
			);
			path = bEtreUITests;
			sourceTree = "<group>";
		};
/* End PBXGroup section */

/* Begin PBXNativeTarget section */
		556E5BF82CA20B82007D645A /* bEtre */ = {
			isa = PBXNativeTarget;
			buildConfigurationList = 556E5C1D2CA20B83007D645A /* Build configuration list for PBXNativeTarget "bEtre" */;
			buildPhases = (
				556E5BF52CA20B82007D645A /* Sources */,
				556E5BF62CA20B82007D645A /* Frameworks */,
				556E5BF72CA20B82007D645A /* Resources */,
			);
			buildRules = (
			);
			dependencies = (
			);
			name = bEtre;
			productName = bEtre;
			productReference = 556E5BF92CA20B82007D645A /* bEtre.app */;
			productType = "com.apple.product-type.application";
		};
		556E5C082CA20B83007D645A /* bEtreTests */ = {
			isa = PBXNativeTarget;
			buildConfigurationList = 556E5C202CA20B83007D645A /* Build configuration list for PBXNativeTarget "bEtreTests" */;
			buildPhases = (
				556E5C052CA20B83007D645A /* Sources */,
				556E5C062CA20B83007D645A /* Frameworks */,
				556E5C072CA20B83007D645A /* Resources */,
			);
			buildRules = (
			);
			dependencies = (
				556E5C0B2CA20B83007D645A /* PBXTargetDependency */,
			);
			name = bEtreTests;
			productName = bEtreTests;
			productReference = 556E5C092CA20B83007D645A /* bEtreTests.xctest */;
			productType = "com.apple.product-type.bundle.unit-test";
		};
		556E5C122CA20B83007D645A /* bEtreUITests */ = {
			isa = PBXNativeTarget;
			buildConfigurationList = 556E5C232CA20B83007D645A /* Build configuration list for PBXNativeTarget "bEtreUITests" */;
			buildPhases = (
				556E5C0F2CA20B83007D645A /* Sources */,
				556E5C102CA20B83007D645A /* Frameworks */,
				556E5C112CA20B83007D645A /* Resources */,
			);
			buildRules = (
			);
			dependencies = (
				556E5C152CA20B83007D645A /* PBXTargetDependency */,
			);
			name = bEtreUITests;
			productName = bEtreUITests;
			productReference = 556E5C132CA20B83007D645A /* bEtreUITests.xctest */;
			productType = "com.apple.product-type.bundle.ui-testing";
		};
/* End PBXNativeTarget section */

/* Begin PBXProject section */
		556E5BF12CA20B82007D645A /* Project object */ = {
			isa = PBXProject;
			attributes = {
				BuildIndependentTargetsInParallel = 1;
				LastSwiftUpdateCheck = 1540;
				LastUpgradeCheck = 1540;
				TargetAttributes = {
					556E5BF82CA20B82007D645A = {
						CreatedOnToolsVersion = 15.4;
					};
					556E5C082CA20B83007D645A = {
						CreatedOnToolsVersion = 15.4;
						TestTargetID = 556E5BF82CA20B82007D645A;
					};
					556E5C122CA20B83007D645A = {
						CreatedOnToolsVersion = 15.4;
						TestTargetID = 556E5BF82CA20B82007D645A;
					};
				};
			};
			buildConfigurationList = 556E5BF42CA20B82007D645A /* Build configuration list for PBXProject "bEtre" */;
			compatibilityVersion = "Xcode 14.0";
			developmentRegion = en;
			hasScannedForEncodings = 0;
			knownRegions = (
				en,
				Base,
			);
			mainGroup = 556E5BF02CA20B82007D645A;
			productRefGroup = 556E5BFA2CA20B82007D645A /* Products */;
			projectDirPath = "";
			projectRoot = "";
			targets = (
				556E5BF82CA20B82007D645A /* bEtre */,
				556E5C082CA20B83007D645A /* bEtreTests */,
				556E5C122CA20B83007D645A /* bEtreUITests */,
			);
		};
/* End PBXProject section */

/* Begin PBXResourcesBuildPhase section */
		556E5BF72CA20B82007D645A /* Resources */ = {
			isa = PBXResourcesBuildPhase;
			buildActionMask = 2147483647;
			files = (
				556E5C042CA20B83007D645A /* Preview Assets.xcassets in Resources */,
				556E5C012CA20B83007D645A /* Assets.xcassets in Resources */,
			);
			runOnlyForDeploymentPostprocessing = 0;
		};
		556E5C072CA20B83007D645A /* Resources */ = {
			isa = PBXResourcesBuildPhase;
			buildActionMask = 2147483647;
			files = (
			);
			runOnlyForDeploymentPostprocessing = 0;
		};
		556E5C112CA20B83007D645A /* Resources */ = {
			isa = PBXResourcesBuildPhase;
			buildActionMask = 2147483647;
			files = (
			);
			runOnlyForDeploymentPostprocessing = 0;
		};
/* End PBXResourcesBuildPhase section */

/* Begin PBXSourcesBuildPhase section */
		556E5BF52CA20B82007D645A /* Sources */ = {
			isa = PBXSourcesBuildPhase;
			buildActionMask = 2147483647;
			files = (
				556E5BFF2CA20B82007D645A /* ContentView.swift in Sources */,
				556E5BFD2CA20B82007D645A /* bEtreApp.swift in Sources */,
			);
			runOnlyForDeploymentPostprocessing = 0;
		};
		556E5C052CA20B83007D645A /* Sources */ = {
			isa = PBXSourcesBuildPhase;
			buildActionMask = 2147483647;
			files = (
				556E5C0E2CA20B83007D645A /* bEtreTests.swift in Sources */,
			);
			runOnlyForDeploymentPostprocessing = 0;
		};
		556E5C0F2CA20B83007D645A /* Sources */ = {
			isa = PBXSourcesBuildPhase;
			buildActionMask = 2147483647;
			files = (
				556E5C182CA20B83007D645A /* bEtreUITests.swift in Sources */,
				556E5C1A2CA20B83007D645A /* bEtreUITestsLaunchTests.swift in Sources */,
			);
			runOnlyForDeploymentPostprocessing = 0;
		};
/* End PBXSourcesBuildPhase section */

/* Begin PBXTargetDependency section */
		556E5C0B2CA20B83007D645A /* PBXTargetDependency */ = {
			isa = PBXTargetDependency;
			target = 556E5BF82CA20B82007D645A /* bEtre */;
			targetProxy = 556E5C0A2CA20B83007D645A /* PBXContainerItemProxy */;
		};
		556E5C152CA20B83007D645A /* PBXTargetDependency */ = {
			isa = PBXTargetDependency;
			target = 556E5BF82CA20B82007D645A /* bEtre */;
			targetProxy = 556E5C142CA20B83007D645A /* PBXContainerItemProxy */;
		};
/* End PBXTargetDependency section */

/* Begin XCBuildConfiguration section */
		556E5C1B2CA20B83007D645A /* Debug */ = {
			isa = XCBuildConfiguration;
			buildSettings = {
				ALWAYS_SEARCH_USER_PATHS = NO;
				ASSETCATALOG_COMPILER_GENERATE_SWIFT_ASSET_SYMBOL_EXTENSIONS = YES;
				CLANG_ANALYZER_NONNULL = YES;
				CLANG_ANALYZER_NUMBER_OBJECT_CONVERSION = YES_AGGRESSIVE;
				CLANG_CXX_LANGUAGE_STANDARD = "gnu++20";
				CLANG_ENABLE_MODULES = YES;
				CLANG_ENABLE_OBJC_ARC = YES;
				CLANG_ENABLE_OBJC_WEAK = YES;
				CLANG_WARN_BLOCK_CAPTURE_AUTORELEASING = YES;
				CLANG_WARN_BOOL_CONVERSION = YES;
				CLANG_WARN_COMMA = YES;
				CLANG_WARN_CONSTANT_CONVERSION = YES;
				CLANG_WARN_DEPRECATED_OBJC_IMPLEMENTATIONS = YES;
				CLANG_WARN_DIRECT_OBJC_ISA_USAGE = YES_ERROR;
				CLANG_WARN_DOCUMENTATION_COMMENTS = YES;
				CLANG_WARN_EMPTY_BODY = YES;
				CLANG_WARN_ENUM_CONVERSION = YES;
				CLANG_WARN_INFINITE_RECURSION = YES;
				CLANG_WARN_INT_CONVERSION = YES;
				CLANG_WARN_NON_LITERAL_NULL_CONVERSION = YES;
				CLANG_WARN_OBJC_IMPLICIT_RETAIN_SELF = YES;
				CLANG_WARN_OBJC_LITERAL_CONVERSION = YES;
				CLANG_WARN_OBJC_ROOT_CLASS = YES_ERROR;
				CLANG_WARN_QUOTED_INCLUDE_IN_FRAMEWORK_HEADER = YES;
				CLANG_WARN_RANGE_LOOP_ANALYSIS = YES;
				CLANG_WARN_STRICT_PROTOTYPES = YES;
				CLANG_WARN_SUSPICIOUS_MOVE = YES;
				CLANG_WARN_UNGUARDED_AVAILABILITY = YES_AGGRESSIVE;
				CLANG_WARN_UNREACHABLE_CODE = YES;
				CLANG_WARN__DUPLICATE_METHOD_MATCH = YES;
				COPY_PHASE_STRIP = NO;
				DEBUG_INFORMATION_FORMAT = dwarf;
				ENABLE_STRICT_OBJC_MSGSEND = YES;
				ENABLE_TESTABILITY = YES;
				ENABLE_USER_SCRIPT_SANDBOXING = YES;
				GCC_C_LANGUAGE_STANDARD = gnu17;
				GCC_DYNAMIC_NO_PIC = NO;
				GCC_NO_COMMON_BLOCKS = YES;
				GCC_OPTIMIZATION_LEVEL = 0;
				GCC_PREPROCESSOR_DEFINITIONS = (
					"DEBUG=1",
					"$(inherited)",
				);
				GCC_WARN_64_TO_32_BIT_CONVERSION = YES;
				GCC_WARN_ABOUT_RETURN_TYPE = YES_ERROR;
				GCC_WARN_UNDECLARED_SELECTOR = YES;
				GCC_WARN_UNINITIALIZED_AUTOS = YES_AGGRESSIVE;
				GCC_WARN_UNUSED_FUNCTION = YES;
				GCC_WARN_UNUSED_VARIABLE = YES;
				IPHONEOS_DEPLOYMENT_TARGET = 17.5;
				LOCALIZATION_PREFERS_STRING_CATALOGS = YES;
				MTL_ENABLE_DEBUG_INFO = INCLUDE_SOURCE;
				MTL_FAST_MATH = YES;
				ONLY_ACTIVE_ARCH = YES;
				SDKROOT = iphoneos;
				SWIFT_ACTIVE_COMPILATION_CONDITIONS = "DEBUG $(inherited)";
				SWIFT_OPTIMIZATION_LEVEL = "-Onone";
			};
			name = Debug;
		};
		556E5C1C2CA20B83007D645A /* Release */ = {
			isa = XCBuildConfiguration;
			buildSettings = {
				ALWAYS_SEARCH_USER_PATHS = NO;
				ASSETCATALOG_COMPILER_GENERATE_SWIFT_ASSET_SYMBOL_EXTENSIONS = YES;
				CLANG_ANALYZER_NONNULL = YES;
				CLANG_ANALYZER_NUMBER_OBJECT_CONVERSION = YES_AGGRESSIVE;
				CLANG_CXX_LANGUAGE_STANDARD = "gnu++20";
				CLANG_ENABLE_MODULES = YES;
				CLANG_ENABLE_OBJC_ARC = YES;
				CLANG_ENABLE_OBJC_WEAK = YES;
				CLANG_WARN_BLOCK_CAPTURE_AUTORELEASING = YES;
				CLANG_WARN_BOOL_CONVERSION = YES;
				CLANG_WARN_COMMA = YES;
				CLANG_WARN_CONSTANT_CONVERSION = YES;
				CLANG_WARN_DEPRECATED_OBJC_IMPLEMENTATIONS = YES;
				CLANG_WARN_DIRECT_OBJC_ISA_USAGE = YES_ERROR;
				CLANG_WARN_DOCUMENTATION_COMMENTS = YES;
				CLANG_WARN_EMPTY_BODY = YES;
				CLANG_WARN_ENUM_CONVERSION = YES;
				CLANG_WARN_INFINITE_RECURSION = YES;
				CLANG_WARN_INT_CONVERSION = YES;
				CLANG_WARN_NON_LITERAL_NULL_CONVERSION = YES;
				CLANG_WARN_OBJC_IMPLICIT_RETAIN_SELF = YES;
				CLANG_WARN_OBJC_LITERAL_CONVERSION = YES;
				CLANG_WARN_OBJC_ROOT_CLASS = YES_ERROR;
				CLANG_WARN_QUOTED_INCLUDE_IN_FRAMEWORK_HEADER = YES;
				CLANG_WARN_RANGE_LOOP_ANALYSIS = YES;
				CLANG_WARN_STRICT_PROTOTYPES = YES;
				CLANG_WARN_SUSPICIOUS_MOVE = YES;
				CLANG_WARN_UNGUARDED_AVAILABILITY = YES_AGGRESSIVE;
				CLANG_WARN_UNREACHABLE_CODE = YES;
				CLANG_WARN__DUPLICATE_METHOD_MATCH = YES;
				COPY_PHASE_STRIP = NO;
				DEBUG_INFORMATION_FORMAT = "dwarf-with-dsym";
				ENABLE_NS_ASSERTIONS = NO;
				ENABLE_STRICT_OBJC_MSGSEND = YES;
				ENABLE_USER_SCRIPT_SANDBOXING = YES;
				GCC_C_LANGUAGE_STANDARD = gnu17;
				GCC_NO_COMMON_BLOCKS = YES;
				GCC_WARN_64_TO_32_BIT_CONVERSION = YES;
				GCC_WARN_ABOUT_RETURN_TYPE = YES_ERROR;
				GCC_WARN_UNDECLARED_SELECTOR = YES;
				GCC_WARN_UNINITIALIZED_AUTOS = YES_AGGRESSIVE;
				GCC_WARN_UNUSED_FUNCTION = YES;
				GCC_WARN_UNUSED_VARIABLE = YES;
				IPHONEOS_DEPLOYMENT_TARGET = 17.5;
				LOCALIZATION_PREFERS_STRING_CATALOGS = YES;
				MTL_ENABLE_DEBUG_INFO = NO;
				MTL_FAST_MATH = YES;
				SDKROOT = iphoneos;
				SWIFT_COMPILATION_MODE = wholemodule;
				VALIDATE_PRODUCT = YES;
			};
			name = Release;
		};
		556E5C1E2CA20B83007D645A /* Debug */ = {
			isa = XCBuildConfiguration;
			buildSettings = {
				ASSETCATALOG_COMPILER_APPICON_NAME = AppIcon;
				ASSETCATALOG_COMPILER_GLOBAL_ACCENT_COLOR_NAME = AccentColor;
				CODE_SIGN_STYLE = Automatic;
				CURRENT_PROJECT_VERSION = 1;
				DEVELOPMENT_ASSET_PATHS = "\"bEtre/Preview Content\"";
				ENABLE_PREVIEWS = YES;
				GENERATE_INFOPLIST_FILE = YES;
				INFOPLIST_KEY_UIApplicationSceneManifest_Generation = YES;
				INFOPLIST_KEY_UIApplicationSupportsIndirectInputEvents = YES;
				INFOPLIST_KEY_UILaunchScreen_Generation = YES;
				INFOPLIST_KEY_UISupportedInterfaceOrientations_iPad = "UIInterfaceOrientationPortrait UIInterfaceOrientationPortraitUpsideDown UIInterfaceOrientationLandscapeLeft UIInterfaceOrientationLandscapeRight";
				INFOPLIST_KEY_UISupportedInterfaceOrientations_iPhone = "UIInterfaceOrientationPortrait UIInterfaceOrientationLandscapeLeft UIInterfaceOrientationLandscapeRight";
				LD_RUNPATH_SEARCH_PATHS = (
					"$(inherited)",
					"@executable_path/Frameworks",
				);
				MARKETING_VERSION = 1.0;
				PRODUCT_BUNDLE_IDENTIFIER = com.mohit.bEtre;
				PRODUCT_NAME = "$(TARGET_NAME)";
				SWIFT_EMIT_LOC_STRINGS = YES;
				SWIFT_VERSION = 5.0;
				TARGETED_DEVICE_FAMILY = "1,2";
			};
			name = Debug;
		};
		556E5C1F2CA20B83007D645A /* Release */ = {
			isa = XCBuildConfiguration;
			buildSettings = {
				ASSETCATALOG_COMPILER_APPICON_NAME = AppIcon;
				ASSETCATALOG_COMPILER_GLOBAL_ACCENT_COLOR_NAME = AccentColor;
				CODE_SIGN_STYLE = Automatic;
				CURRENT_PROJECT_VERSION = 1;
				DEVELOPMENT_ASSET_PATHS = "\"bEtre/Preview Content\"";
				ENABLE_PREVIEWS = YES;
				GENERATE_INFOPLIST_FILE = YES;
				INFOPLIST_KEY_UIApplicationSceneManifest_Generation = YES;
				INFOPLIST_KEY_UIApplicationSupportsIndirectInputEvents = YES;
				INFOPLIST_KEY_UILaunchScreen_Generation = YES;
				INFOPLIST_KEY_UISupportedInterfaceOrientations_iPad = "UIInterfaceOrientationPortrait UIInterfaceOrientationPortraitUpsideDown UIInterfaceOrientationLandscapeLeft UIInterfaceOrientationLandscapeRight";
				INFOPLIST_KEY_UISupportedInterfaceOrientations_iPhone = "UIInterfaceOrientationPortrait UIInterfaceOrientationLandscapeLeft UIInterfaceOrientationLandscapeRight";
				LD_RUNPATH_SEARCH_PATHS = (
					"$(inherited)",
					"@executable_path/Frameworks",
				);
				MARKETING_VERSION = 1.0;
				PRODUCT_BUNDLE_IDENTIFIER = com.mohit.bEtre;
				PRODUCT_NAME = "$(TARGET_NAME)";
				SWIFT_EMIT_LOC_STRINGS = YES;
				SWIFT_VERSION = 5.0;
				TARGETED_DEVICE_FAMILY = "1,2";
			};
			name = Release;
		};
		556E5C212CA20B83007D645A /* Debug */ = {
			isa = XCBuildConfiguration;
			buildSettings = {
				ALWAYS_EMBED_SWIFT_STANDARD_LIBRARIES = YES;
				BUNDLE_LOADER = "$(TEST_HOST)";
				CODE_SIGN_STYLE = Automatic;
				CURRENT_PROJECT_VERSION = 1;
				GENERATE_INFOPLIST_FILE = YES;
				IPHONEOS_DEPLOYMENT_TARGET = 17.5;
				MARKETING_VERSION = 1.0;
				PRODUCT_BUNDLE_IDENTIFIER = com.mohit.bEtreTests;
				PRODUCT_NAME = "$(TARGET_NAME)";
				SWIFT_EMIT_LOC_STRINGS = NO;
				SWIFT_VERSION = 5.0;
				TARGETED_DEVICE_FAMILY = "1,2";
				TEST_HOST = "$(BUILT_PRODUCTS_DIR)/bEtre.app/$(BUNDLE_EXECUTABLE_FOLDER_PATH)/bEtre";
			};
			name = Debug;
		};
		556E5C222CA20B83007D645A /* Release */ = {
			isa = XCBuildConfiguration;
			buildSettings = {
				ALWAYS_EMBED_SWIFT_STANDARD_LIBRARIES = YES;
				BUNDLE_LOADER = "$(TEST_HOST)";
				CODE_SIGN_STYLE = Automatic;
				CURRENT_PROJECT_VERSION = 1;
				GENERATE_INFOPLIST_FILE = YES;
				IPHONEOS_DEPLOYMENT_TARGET = 17.5;
				MARKETING_VERSION = 1.0;
				PRODUCT_BUNDLE_IDENTIFIER = com.mohit.bEtreTests;
				PRODUCT_NAME = "$(TARGET_NAME)";
				SWIFT_EMIT_LOC_STRINGS = NO;
				SWIFT_VERSION = 5.0;
				TARGETED_DEVICE_FAMILY = "1,2";
				TEST_HOST = "$(BUILT_PRODUCTS_DIR)/bEtre.app/$(BUNDLE_EXECUTABLE_FOLDER_PATH)/bEtre";
			};
			name = Release;
		};
		556E5C242CA20B83007D645A /* Debug */ = {
			isa = XCBuildConfiguration;
			buildSettings = {
				ALWAYS_EMBED_SWIFT_STANDARD_LIBRARIES = YES;
				CODE_SIGN_STYLE = Automatic;
				CURRENT_PROJECT_VERSION = 1;
				GENERATE_INFOPLIST_FILE = YES;
				MARKETING_VERSION = 1.0;
				PRODUCT_BUNDLE_IDENTIFIER = com.mohit.bEtreUITests;
				PRODUCT_NAME = "$(TARGET_NAME)";
				SWIFT_EMIT_LOC_STRINGS = NO;
				SWIFT_VERSION = 5.0;
				TARGETED_DEVICE_FAMILY = "1,2";
				TEST_TARGET_NAME = bEtre;
			};
			name = Debug;
		};
		556E5C252CA20B83007D645A /* Release */ = {
			isa = XCBuildConfiguration;
			buildSettings = {
				ALWAYS_EMBED_SWIFT_STANDARD_LIBRARIES = YES;
				CODE_SIGN_STYLE = Automatic;
				CURRENT_PROJECT_VERSION = 1;
				GENERATE_INFOPLIST_FILE = YES;
				MARKETING_VERSION = 1.0;
				PRODUCT_BUNDLE_IDENTIFIER = com.mohit.bEtreUITests;
				PRODUCT_NAME = "$(TARGET_NAME)";
				SWIFT_EMIT_LOC_STRINGS = NO;
				SWIFT_VERSION = 5.0;
				TARGETED_DEVICE_FAMILY = "1,2";
				TEST_TARGET_NAME = bEtre;
			};
			name = Release;
		};
/* End XCBuildConfiguration section */

/* Begin XCConfigurationList section */
		556E5BF42CA20B82007D645A /* Build configuration list for PBXProject "bEtre" */ = {
			isa = XCConfigurationList;
			buildConfigurations = (
				556E5C1B2CA20B83007D645A /* Debug */,
				556E5C1C2CA20B83007D645A /* Release */,
			);
			defaultConfigurationIsVisible = 0;
			defaultConfigurationName = Release;
		};
		556E5C1D2CA20B83007D645A /* Build configuration list for PBXNativeTarget "bEtre" */ = {
			isa = XCConfigurationList;
			buildConfigurations = (
				556E5C1E2CA20B83007D645A /* Debug */,
				556E5C1F2CA20B83007D645A /* Release */,
			);
			defaultConfigurationIsVisible = 0;
			defaultConfigurationName = Release;
		};
		556E5C202CA20B83007D645A /* Build configuration list for PBXNativeTarget "bEtreTests" */ = {
			isa = XCConfigurationList;
			buildConfigurations = (
				556E5C212CA20B83007D645A /* Debug */,
				556E5C222CA20B83007D645A /* Release */,
			);
			defaultConfigurationIsVisible = 0;
			defaultConfigurationName = Release;
		};
		556E5C232CA20B83007D645A /* Build configuration list for PBXNativeTarget "bEtreUITests" */ = {
			isa = XCConfigurationList;
			buildConfigurations = (
				556E5C242CA20B83007D645A /* Debug */,
				556E5C252CA20B83007D645A /* Release */,
			);
			defaultConfigurationIsVisible = 0;
			defaultConfigurationName = Release;
		};
/* End XCConfigurationList section */
	};
	rootObject = 556E5BF12CA20B82007D645A /* Project object */;
}
